{
  "version": 1,
  "dependencies": {
    "net10.0": {
      "AntDesign": {
        "type": "Direct",
        "requested": "[1.5.1, )",
        "resolved": "1.5.1",
        "contentHash": "32qnWRK9hkn73rTAiQKTDtI8orfAKLmuG/C9aVVZp46/bSPBfQfMcjXcc63bD+ZFdujL8FzVTgcDuJLZLRqOCg==",
        "dependencies": {
          "OneOf": "3.0.271"
        }
      },
      "AsyncFixer": {
        "type": "Direct",
        "requested": "[2.1.0, )",
        "resolved": "2.1.0",
        "contentHash": "OOHNlH7GF39qk0Pv4cIQWA99hUh3nujDgGE2nADPpw88lD7s2qwlxEhuJIBfstC8ng3B1yY6SQy2JW/tddlMAQ=="
      },
      "BlazorComponentUtilities": {
        "type": "Direct",
        "requested": "[1.8.0, )",
        "resolved": "1.8.0",
        "contentHash": "M0HwFRId0RLNxDlG0UntB92oeduAaHHhgtUrHb9eAw6KzOVMemlxY8sNWhDQWiLfBCXIVnd/wtm6mmQbURfzfA=="
      },
      "Blazored.FluentValidation": {
        "type": "Direct",
        "requested": "[2.2.0, )",
        "resolved": "2.2.0",
        "contentHash": "lBSHW7faCJqwn7KtZt6vqHSiyGvTL5McpS4sQUW3RLu2R5eMmf4oolFeufZfcAB8TV8iI+/PYouz7sn773E8Og==",
        "dependencies": {
          "FluentValidation": "11.9.1"
        }
      },
      "Blazored.Video": {
        "type": "Direct",
        "requested": "[1.0.1, )",
        "resolved": "1.0.1",
        "contentHash": "aQbSLUBo/8Me1KHyZDs+yXar0nLu9oUzWx76UXikNXGXaEHLQKFQYZ9lb8YsSvzp9E3YnELoItxJFipF1n54Xg=="
      },
      "FluentValidation": {
        "type": "Direct",
        "requested": "[11.12.0, )",
        "resolved": "11.12.0",
        "contentHash": "Wim3rI1nGZKO5S/lgJ0ZpD3W/uu1CECoJ8pETzC8av34ejr+jCDr4paKhSJRG0Ltcv8UjdxtYCynG+RUEfEUDA=="
      },
      "FluentValidation.AspNetCore": {
        "type": "Direct",
        "requested": "[11.3.1, )",
        "resolved": "11.3.1",
        "contentHash": "FjkfrGGwC+25oH8QpX1ti3gxkFjDDtotkAQWyQz2CkwQwEfRKTANjhh77I79kY8dov2ydK1SY+e4jiOWsbbDdQ==",
        "dependencies": {
          "FluentValidation": "11.11.0",
          "FluentValidation.DependencyInjectionExtensions": "11.11.0"
        }
      },
      "Google.Apis.YouTube.v3": {
        "type": "Direct",
        "requested": "[1.73.0.4053, )",
        "resolved": "1.73.0.4053",
        "contentHash": "3GOXYYT5dn5ar8GL+J02yHDaSzMrAKNTwjAKLBtVqbh/fwHYxhJMKYEO0epkqB5JDSh7AX9nyQhgLIao9QVKwg==",
        "dependencies": {
          "Google.Apis": "1.73.0",
          "Google.Apis.Auth": "1.73.0"
        }
      },
      "Google.Protobuf": {
        "type": "Direct",
        "requested": "[3.31.1, )",
        "resolved": "3.31.1",
        "contentHash": "gSnJbUmGiOTdWddPhqzrEscHq9Ls6sqRDPB9WptckyjTUyx70JOOAaDLkFff8gManZNN3hllQ4aQInnQyq/Z/A=="
      },
      "Grpc.AspNetCore": {
        "type": "Direct",
        "requested": "[2.76.0, )",
        "resolved": "2.76.0",
        "contentHash": "LyXMmpN2Ba0TE35SOLSKbGqIYtJuhc1UgiaGfoW1X8KJERV70QI5KGW+ckEY7MrXoFWN/uWo4B70siVhbDmCgQ==",
        "dependencies": {
          "Google.Protobuf": "3.31.1",
          "Grpc.AspNetCore.Server.ClientFactory": "2.76.0",
          "Grpc.Tools": "2.76.0"
        }
      },
      "Grpc.AspNetCore.HealthChecks": {
        "type": "Direct",
        "requested": "[2.76.0, )",
        "resolved": "2.76.0",
        "contentHash": "GJQxTQO8AMK6mbk1uXS3EqnR/valv1iHgmSbCVojILFjZXNst5isYpQKOHWlvkXV9v0YIXY/qly0O0WsUhelTA==",
        "dependencies": {
          "Grpc.AspNetCore.Server": "2.76.0",
          "Grpc.HealthCheck": "2.76.0"
        }
      },
      "Grpc.AspNetCore.Server.Reflection": {
        "type": "Direct",
        "requested": "[2.76.0, )",
        "resolved": "2.76.0",
        "contentHash": "SqwTTFuHHSn6FwNAc4L7Mvn64QJ0xHxJcUvYY21afJoU/JwAo1+F5tJqXsztBYco8gvIHcK8P3Yqt+KAKHoDvw==",
        "dependencies": {
          "Google.Protobuf": "3.31.1",
          "Grpc.AspNetCore.Server": "2.76.0",
          "Grpc.Reflection": "2.76.0"
        }
      },
      "Grpc.Net.ClientFactory": {
        "type": "Direct",
        "requested": "[2.76.0, )",
        "resolved": "2.76.0",
        "contentHash": "XI+kO69L9AV8B9N0UQOmH911r6MOEp9huHiavEsY56DJYuzJ9KAxNGy37dpV6CLbgCaN2uKmpOsZ9Pao6bmpVQ==",
        "dependencies": {
          "Grpc.Net.Client": "2.76.0"
        }
      },
      "Grpc.Tools": {
        "type": "Direct",
        "requested": "[2.78.0, )",
        "resolved": "2.78.0",
        "contentHash": "6jPG2gHon+w2PczW8jjrCRnW/g9eEfCdd7aK6mDooptWtuPsV3ZxAwKKEx7LGEDVoT4c2SViRl8Yu3L1XiWIIg=="
      },
      "HtmlAgilityPack": {
        "type": "Direct",
        "requested": "[1.12.4, )",
        "resolved": "1.12.4",
        "contentHash": "ljqvBabvFwKoLniuoQKO8b5bJfJweKLs4fUNS/V5dsvpo0A8MlJqxxn9XVmP2DaskbUXty6IYaWAi1SArGIMeQ=="
      },
      "Humanizer.Core": {
        "type": "Direct",
        "requested": "[2.14.1, )",
        "resolved": "2.14.1",
        "contentHash": "lQKvtaTDOXnoVJ20ibTuSIOf2i0uO0MPbDhd1jm238I+U/2ZnRENj0cktKZhtchBMtCUSRQ5v4xBCUbKNmyVMw=="
      },
      "IDisposableAnalyzers": {
        "type": "Direct",
        "requested": "[4.0.8, )",
        "resolved": "4.0.8",
        "contentHash": "vNi4NMG0CcJyjXxiNDcQ21FwV/whM9o9OEZKD+oP7tuxAqFEzX/x5OhC3OZJqW/w+8GOtCmJPBquYgMWgz0rfQ=="
      },
      "JetBrains.Annotations": {
        "type": "Direct",
        "requested": "[2026.2.0, )",
        "resolved": "2026.2.0",
        "contentHash": "drvAEaI7Xf4wU6dx4UTB9MoZWXZlraaQ0qoeThPQ411FxNhId7QdUTukIC9I8aUHP0ycAaGwZNKqSvfOZQvUlg=="
      },
      "Lindhart.Analyser.MissingAwaitWarning": {
        "type": "Direct",
        "requested": "[3.2.0, )",
        "resolved": "3.2.0",
        "contentHash": "Zv+tBUYXoDPckIctjyP9yfn6m8CMVvF+AS6ZY7xZDDuK1DKmgpLhkksV6muNIMAfzD3WSFfQCPyVRTvkiVVohg=="
      },
      "Meziantou.Analyzer": {
        "type": "Direct",
        "requested": "[3.0.124, )",
        "resolved": "3.0.124",
        "contentHash": "nJJak27Tqn5tQGuorOQBiSEUkiKO7NYDH80yomOVGpJ4c49dsXhvTHtif8/vrGUJeld8vuERK/F+kZRfmB8ZRA=="
      },
      "Meziantou.Analyzer.Annotations": {
        "type": "Direct",
        "requested": "[1.5.0, )",
        "resolved": "1.5.0",
        "contentHash": "oe+W7OeSYCxoH7wIHwus1/axjKQw0rLTqVH0HaUCi9qHcCr2WBnvQC/43T8KBpDAgwejG3BZzj+56rdlmwp1gQ=="
      },
      "Microsoft.AspNetCore.App.Internal.Assets": {
        "type": "Direct",
        "requested": "[10.0.8, )",
        "resolved": "10.0.8",
        "contentHash": "v6KocthydFtUHBIRI29YsOHKOgsqcQubkNywVOxiYr4GSDSv+XO/AeyMJywlX+1tGUTGdydu/X7V+Tzeq4SsoA=="
      },
      "Microsoft.AspNetCore.Authentication.JwtBearer": {
        "type": "Direct",
        "requested": "[9.0.12, )",
        "resolved": "9.0.12",
        "contentHash": "pSkOsbo6ndjkQn9qBatx7g/SXRdl97ai3Sm948IDavVsg2UqtR1gOx/t0R8O3Y+XJMsHU72gTNsVYWFdxxJMAg==",
        "dependencies": {
          "Microsoft.IdentityModel.Protocols.OpenIdConnect": "8.0.1"
        }
      },
      "Microsoft.AspNetCore.Authentication.OpenIdConnect": {
        "type": "Direct",
        "requested": "[9.0.12, )",
        "resolved": "9.0.12",
        "contentHash": "Vd0UkHFdhV2wTamtOKQzHFuikOiyfT/R8DDS8hXseR3Dq8iRWjq0+dtyzy583yKknvfu4RrvJ5+ujlNoeCYbeg==",
        "dependencies": {
          "Microsoft.IdentityModel.Protocols.OpenIdConnect": "8.0.1"
        }
      },
      "Microsoft.AspNetCore.Components.WebAssembly.Server": {
        "type": "Direct",
        "requested": "[9.0.12, )",
        "resolved": "9.0.12",
        "contentHash": "GTfPD3tRboRsQJoo8gUPAIObNfK+eCpgpAU5uozSm1+f9GWNuMc8SnLDYBYaJa0bzpzod8wybBCNtlqM+IJ+uA=="
      },
      "Microsoft.AspNetCore.Diagnostics.EntityFrameworkCore": {
        "type": "Direct",
        "requested": "[9.0.12, )",
        "resolved": "9.0.12",
        "contentHash": "wsY3cMM0U5zsPk1R/65xjQ3goBkVPQYU7Y/UY0cGuU39cIOl6K/eMmlnIORWnx2rpMMxMro9fVHYubBkEraMmg==",
        "dependencies": {
          "Microsoft.EntityFrameworkCore.Relational": "9.0.12"
        }
      },
      "Microsoft.AspNetCore.Identity.EntityFrameworkCore": {
        "type": "Direct",
        "requested": "[9.0.12, )",
        "resolved": "9.0.12",
        "contentHash": "ioBoZYNM4CJnHlKz2gl6V1LhO3BDfMQWXxbSD14udisHNM81rI+OOpNivaeolgIhNb04a2AXe3o9q4uuaGXK5A==",
        "dependencies": {
          "Microsoft.EntityFrameworkCore.Relational": "9.0.12"
        }
      },
      "Microsoft.EntityFrameworkCore.Proxies": {
        "type": "Direct",
        "requested": "[10.0.10, )",
        "resolved": "10.0.10",
        "contentHash": "H/Fu7n1eZb8mLc6Nfj9Hr9IE3DRNhwPhflQnlMB33y+07Bc9C1B+paRWyg0DhX5PUFDdVKlXbBnNNzRMp/UEnA==",
        "dependencies": {
          "Castle.Core": "5.2.1",
          "Microsoft.EntityFrameworkCore": "10.0.10"
        }
      },
      "Microsoft.EntityFrameworkCore.Tools": {
        "type": "Direct",
        "requested": "[10.0.10, )",
        "resolved": "10.0.10",
        "contentHash": "oFNTteHcfnftdV9a+4Psed+HV95YKnNrPF8F2+nHtvdOVDfdcbNqKE7xYutOquo1cuBAs84Lq5Boh49ANnF4zQ==",
        "dependencies": {
          "Microsoft.EntityFrameworkCore.Design": "10.0.10"
        }
      },
      "Microsoft.Extensions.Diagnostics.HealthChecks.EntityFrameworkCore": {
        "type": "Direct",
        "requested": "[10.0.10, )",
        "resolved": "10.0.10",
        "contentHash": "jgYLn+CG1/EgZ3lsAuRUvb0RFhr1q23/z4U85arQ8XgABVZAuJIVecLaShMxsB/AS0ufY+Z4OCv1facaiEyc5g==",
        "dependencies": {
          "Microsoft.EntityFrameworkCore.Relational": "10.0.10"
        }
      },
      "Microsoft.Extensions.Http.Polly": {
        "type": "Direct",
        "requested": "[9.0.12, )",
        "resolved": "9.0.12",
        "contentHash": "9SmQha3zWSK23OwJzUMxdJPwrfK6thBPNBFa5MB1NI+jiCSPkR+EeZhV3FqE0VARSLdsFffRbrSchZna7JSTDQ==",
        "dependencies": {
          "Polly": "7.2.4",
          "Polly.Extensions.Http": "3.0.0"
        }
      },
      "Npgsql.EntityFrameworkCore.PostgreSQL": {
        "type": "Direct",
        "requested": "[10.0.3, )",
        "resolved": "10.0.3",
        "contentHash": "IPGrrZnRkuW7OlHDhUESZz4G5DLkW7Nej/O3Cx+0iTsgyU5XJxBgpsvTHLloo3WWuAKKbDHXBvWPVkX1deRh1Q==",
        "dependencies": {
          "Microsoft.EntityFrameworkCore": "[10.0.4, 11.0.0)",
          "Microsoft.EntityFrameworkCore.Relational": "[10.0.4, 11.0.0)",
          "Npgsql": "10.0.3"
        }
      },
      "Npgsql.OpenTelemetry": {
        "type": "Direct",
        "requested": "[10.0.3, )",
        "resolved": "10.0.3",
        "contentHash": "ShsdG/FHxJ2VuWM6tebJL/mCWkcxymmvtENN59c85EsJdT4TStWwwtgZoBu/9UvC0qi1jpFZ6bOfl9ijiWD+vA==",
        "dependencies": {
          "Npgsql": "10.0.3",
          "OpenTelemetry.API": "1.15.3"
        }
      },
      "OpenTelemetry.AutoInstrumentation": {
        "type": "Direct",
        "requested": "[1.16.0, )",
        "resolved": "1.16.0",
        "contentHash": "INoWbyGt08AumgFuIUaq0bGDZ4xLAln2d5dA0fXLOhhMqBikWRU7LCArmuO/oAb55yAMS84quHyJ0J2cetmgvA==",
        "dependencies": {
          "OpenTelemetry.AutoInstrumentation.AspNetCoreBootstrapper": "1.16.0",
          "OpenTelemetry.AutoInstrumentation.BuildTasks": "1.16.0",
          "OpenTelemetry.AutoInstrumentation.Loader": "1.16.0",
          "OpenTelemetry.AutoInstrumentation.Runtime.Managed": "1.16.0",
          "OpenTelemetry.AutoInstrumentation.Runtime.Native": "1.16.0",
          "OpenTelemetry.AutoInstrumentation.StartupHook": "1.16.0"
        }
      },
      "OpenTelemetry.Exporter.Prometheus.AspNetCore": {
        "type": "Direct",
        "requested": "[1.11.2-beta.1, )",
        "resolved": "1.11.2-beta.1",
        "contentHash": "jouLU4VHpzyXuzF2yi/bpt9DoseZGyUudSdTFvylgIwIx6ST1bdI/AXNoJ4/n6HwMiso677ILLm/RM8DY+EYwA==",
        "dependencies": {
          "OpenTelemetry": "[1.11.2, 2.0.0)"
        }
      },
      "OpenTelemetry.Extensions.Hosting": {
        "type": "Direct",
        "requested": "[1.15.0, )",
        "resolved": "1.15.0",
        "contentHash": "RixjKyB1pbYGhWdvPto4KJs+exdQknJsnjUO9WszdLles5Vcd0EYzxPNJdwmLjYfP+Jfbr4B5nktM4ZgeHSWtg==",
        "dependencies": {
          "OpenTelemetry": "1.15.0"
        }
      },
      "Polly.Contrib.WaitAndRetry": {
        "type": "Direct",
        "requested": "[1.1.1, )",
        "resolved": "1.1.1",
        "contentHash": "1MUQLiSo4KDkQe6nzQRhIU05lm9jlexX5BVsbuw0SL82ynZ+GzAHQxJVDPVBboxV37Po3SG077aX8DuSy8TkaA=="
      },
      "Polly.RateLimiting": {
        "type": "Direct",
        "requested": "[8.6.5, )",
        "resolved": "8.6.5",
        "contentHash": "I+PX2LulCnTd3nbFGP6MpwVzpgZfKX1HJ3PkGQ8LwyrOJBH4rOeEt9DzZW9+CuxKzDpbmQZDm+kzzd/viB3ilA==",
        "dependencies": {
          "Polly.Core": "8.6.5"
        }
      },
      "Roslynator.Analyzers": {
        "type": "Direct",
        "requested": "[4.15.0, )",
        "resolved": "4.15.0",
        "contentHash": "E8fu71Y+vzhniJKy1K13Rzwm8Vjcj7CDFBpflqncKUZfc3SzuF0kMBiyMmgXNPkjWTdE3Z+30HlGgYjHONZY/Q=="
      },
      "Roslynator.CodeFixes": {
        "type": "Direct",
        "requested": "[4.15.0, )",
        "resolved": "4.15.0",
        "contentHash": "rW5qeZnYifEQCkgY5w6S43fv1z3wYvpP9Xg4knWaM9cwqHec9w29ik0uWjbo69ryPs1p2N/IiQTL0uIjAuADPw=="
      },
      "Roslynator.Formatting.Analyzers": {
        "type": "Direct",
        "requested": "[4.15.0, )",
        "resolved": "4.15.0",
        "contentHash": "/LvSJGJbrx+OYC2GePmiAA9fRTfz37R/oaHC2j8YK/j9lE8ykZESCGTMVGqXF5woc6RbzfJlpYkzeG6fAV6hFQ=="
      },
      "System.ServiceModel.Syndication": {
        "type": "Direct",
        "requested": "[9.0.12, )",
        "resolved": "9.0.12",
        "contentHash": "1vCNBzXY7VYCi4PV/TWJN37dUKgsrzCRlA8A4ZuHHid4UFXMnK4yp7EfKAPKbWP0et7LOszYymxQ8Tmeo8MDng=="
      },
      "TickerQ": {
        "type": "Direct",
        "requested": "[10.4.0, )",
        "resolved": "10.4.0",
        "contentHash": "Pg5LpcLeS/qg60SWzkY8RSZqk2iP/WYhQ0fBtRbz6R+0QV6cg1EddwIgFse/uB1989b95rq4LxVkpKzoGgrlhw==",
        "dependencies": {
          "TickerQ.Utilities": "10.4.0"
        }
      },
      "TickerQ.Dashboard": {
        "type": "Direct",
        "requested": "[10.4.0, )",
        "resolved": "10.4.0",
        "contentHash": "U84ExmfEB6jGMFEJKq4TKaItSHY4vvIvXmslkLpWaKqowV+BCJrslcELNj+e9ieHZP4WUkJ4wk7RmDttkmVFjg==",
        "dependencies": {
          "TickerQ.Utilities": "10.4.0"
        }
      },
      "TickerQ.EntityFrameworkCore": {
        "type": "Direct",
        "requested": "[10.4.0, )",
        "resolved": "10.4.0",
        "contentHash": "uYyiI/DSNRwt/R9/+diLDA2bVXtIn4V0/RYBPbYcmdTJbuF6PDc5pdcj/DKnhR7L670HeJu2m55PSAR6qj9K6g==",
        "dependencies": {
          "FlexLabs.EntityFrameworkCore.Upsert": "[10.0.0, 11.0.0)",
          "Microsoft.EntityFrameworkCore.Relational": "[10.0.0, 11.0.0)",
          "TickerQ.Utilities": "10.4.0"
        }
      },
      "TickerQ.Instrumentation.OpenTelemetry": {
        "type": "Direct",
        "requested": "[10.4.0, )",
        "resolved": "10.4.0",
        "contentHash": "grqSFspoc//FomDFaiCYOHou+yaGiDX1N8/YXZOzVc7TS04pTZAWc2uH8GniOR+7mwQPkdxZCIilxRMriULRQw==",
        "dependencies": {
          "OpenTelemetry": "1.7.0",
          "OpenTelemetry.Extensions.Hosting": "1.7.0",
          "TickerQ.Utilities": "10.4.0"
        }
      },
      "Castle.Core": {
        "type": "Transitive",
        "resolved": "5.2.1",
        "contentHash": "wHARzQA695jwwKreOzNsq54KiGqKP38tv8hi8e2FXDEC/sA6BtrX90tVPDkOfVu13PbEzr00TCV8coikl+D1Iw=="
      },
      "FlexLabs.EntityFrameworkCore.Upsert": {
        "type": "Transitive",
        "resolved": "10.0.0",
        "contentHash": "qFVp1j1yZFApE4uXplTodeSybz/pfjGM/zBfwgtnkZqw7ZV1YFmF0AEebQmmNsndANQmv+aNi7aXdOhOVFfs7Q==",
        "dependencies": {
          "Microsoft.EntityFrameworkCore.Relational": "[10.0.0, 11.0.0)"
        }
      },
      "FluentValidation.DependencyInjectionExtensions": {
        "type": "Transitive",
        "resolved": "11.11.0",
        "contentHash": "viTKWaMbL3yJYgGI0DiCeavNbE9UPMWFVK2XS9nYXGbm3NDMd0/L5ER4wBzmTtW3BYh3SrlSXm9RACiKZ6stlA==",
        "dependencies": {
          "FluentValidation": "11.11.0",
          "Microsoft.Extensions.Dependencyinjection.Abstractions": "2.1.0"
        }
      },
      "Google.Apis": {
        "type": "Transitive",
        "resolved": "1.73.0",
        "contentHash": "TnCjEyV2aCLQ6Zl40OCbEJULDuEkEWc6C/g81KYw5l1PqGo+G7pFZrV+YH8XgUL0JRUanz+IrUp8SsKF4dzkqg==",
        "dependencies": {
          "Google.Apis.Core": "1.73.0"
        }
      },
      "Google.Apis.Auth": {
        "type": "Transitive",
        "resolved": "1.73.0",
        "contentHash": "wEu12uhnRv3zrPBSqv4E2vPH6lYLtc1RPAnU9MJRCMFlBVwZ7Lnq3NfbYXi6VG7EurkYInTaMpeBZkbM/HrAog==",
        "dependencies": {
          "Google.Apis": "1.73.0",
          "Google.Apis.Core": "1.73.0",
          "System.Management": "7.0.2"
        }
      },
      "Google.Apis.Core": {
        "type": "Transitive",
        "resolved": "1.73.0",
        "contentHash": "vSc7CY4KCP7HE4QTElDx/ExnGLbg9kXb89MS6cdvI+0D4sxvTYb16vGtXmF2jSDMV3iDmykSXdIUPTz8TDS6gg==",
        "dependencies": {
          "Newtonsoft.Json": "13.0.4"
        }
      },
      "Grpc.AspNetCore.Server": {
        "type": "Transitive",
        "resolved": "2.76.0",
        "contentHash": "diSC/ZeNdSdxHdYSOpYwuSBBDYpuNVtJQFJfiBB0WrYOQ4lVMmdxuUZJcViahQyo8pCvS3Mueo5lqFxwwMF/iw==",
        "dependencies": {
          "Grpc.Net.Common": "2.76.0"
        }
      },
      "Grpc.AspNetCore.Server.ClientFactory": {
        "type": "Transitive",
        "resolved": "2.76.0",
        "contentHash": "y5KGO1GO0N2L/hCCMR05mmoK8j+v8rKvZ+9nothAxKx2Tf2CwV8f4TM5K0GkKfDsp4vrc4lm90MU6E+DeN7YIw==",
        "dependencies": {
          "Grpc.AspNetCore.Server": "2.76.0",
          "Grpc.Net.ClientFactory": "2.76.0"
        }
      },
      "Grpc.Core.Api": {
        "type": "Transitive",
        "resolved": "2.76.0",
        "contentHash": "cSxC2tdnFdXXuBgIn1pjc4YBx7LXTCp4M0qn+SMBS35VWZY+cEQYLWTBDDhdBH1HzU7BV+ncVZlniGQHMpRJKQ=="
      },
      "Grpc.HealthCheck": {
        "type": "Transitive",
        "resolved": "2.76.0",
        "contentHash": "XntmtHDXFsFGKrz454LVm1tOHokyg38R1ZvLRDCS8ff9ZSOUi0TjMlgGLVslFq1IvYSoOvEfhWEN72BPUIVQ4A==",
        "dependencies": {
          "Google.Protobuf": "3.31.1",
          "Grpc.Core.Api": "2.76.0"
        }
      },
      "Grpc.Net.Client": {
        "type": "Transitive",
        "resolved": "2.76.0",
        "contentHash": "K1oldmqw2+Gn69nGRzZLhqSiUZwelX1GrBu/cUl9wNf1C0uB61vFS6JcxUUv9P8VoUJhFsmV44JA6lI2EUt4xw==",
        "dependencies": {
          "Grpc.Net.Common": "2.76.0"
        }
      },
      "Grpc.Net.Common": {
        "type": "Transitive",
        "resolved": "2.76.0",
        "contentHash": "bZpiMVYgvpB44/wBh1RotrkqC7bg2FOasLri2GhR3hMKyzsiTxCoDE49YjPrJeFc4RW0wS8u+EInI09sjxVFRA==",
        "dependencies": {
          "Grpc.Core.Api": "2.76.0"
        }
      },
      "Grpc.Reflection": {
        "type": "Transitive",
        "resolved": "2.76.0",
        "contentHash": "Vj+vj1dCkoe7kuQH6OPt1QQ7fhFg5PSLX+sf0xBCtCtfcoibjViUlHbmQCePGUCliMa016qje1REkluzrOkmCA==",
        "dependencies": {
          "Google.Protobuf": "3.31.1",
          "Grpc.Core.Api": "2.76.0"
        }
      },
      "Microsoft.Build.Framework": {
        "type": "Transitive",
        "resolved": "18.0.2",
        "contentHash": "sOSb+0J4G/jCBW/YqmRuL0eOMXgfw1KQLdC9TkbvfA5xs7uNm+PBQXJCOzSJGXtZcZrtXozcwxPmUiRUbmd7FA=="
      },
      "Microsoft.CodeAnalysis.Analyzers": {
        "type": "Transitive",
        "resolved": "3.11.0",
        "contentHash": "v/EW3UE8/lbEYHoC2Qq7AR/DnmvpgdtAMndfQNmpuIMx/Mto8L5JnuCfdBYtgvalQOtfNCnxFejxuRrryvUTsg=="
      },
      "Microsoft.CodeAnalysis.Common": {
        "type": "Transitive",
        "resolved": "5.0.0",
        "contentHash": "ZXRAdvH6GiDeHRyd3q/km8Z44RoM6FBWHd+gen/la81mVnAdHTEsEkO5J0TCNXBymAcx5UYKt5TvgKBhaLJEow==",
        "dependencies": {
          "Microsoft.CodeAnalysis.Analyzers": "3.11.0"
        }
      },
      "Microsoft.CodeAnalysis.CSharp": {
        "type": "Transitive",
        "resolved": "5.0.0",
        "contentHash": "5DSyJ9bk+ATuDy7fp2Zt0mJStDVKbBoiz1DyfAwSa+k4H4IwykAUcV3URelw5b8/iVbfSaOwkwmPUZH6opZKCw==",
        "dependencies": {
          "Microsoft.CodeAnalysis.Analyzers": "3.11.0",
          "Microsoft.CodeAnalysis.Common": "[5.0.0]"
        }
      },
      "Microsoft.CodeAnalysis.CSharp.Workspaces": {
        "type": "Transitive",
        "resolved": "5.0.0",
        "contentHash": "Al/Q8B+yO8odSqGVpSvrShMFDvlQdIBU//F3E6Rb0YdiLSALE9wh/pvozPNnfmh5HDnvU+mkmSjpz4hQO++jaA==",
        "dependencies": {
          "Humanizer.Core": "2.14.1",
          "Microsoft.CodeAnalysis.Analyzers": "3.11.0",
          "Microsoft.CodeAnalysis.CSharp": "[5.0.0]",
          "Microsoft.CodeAnalysis.Common": "[5.0.0]",
          "Microsoft.CodeAnalysis.Workspaces.Common": "[5.0.0]",
          "System.Composition": "9.0.0"
        }
      },
      "Microsoft.CodeAnalysis.Workspaces.Common": {
        "type": "Transitive",
        "resolved": "5.0.0",
        "contentHash": "ZbUmIvT6lqTNKiv06Jl5wf0MTMi1vQ1oH7ou4CLcs2C/no/L7EhP3T8y3XXvn9VbqMcJaJnEsNA1jwYUMgc5jg==",
        "dependencies": {
          "Humanizer.Core": "2.14.1",
          "Microsoft.CodeAnalysis.Analyzers": "3.11.0",
          "Microsoft.CodeAnalysis.Common": "[5.0.0]",
          "System.Composition": "9.0.0"
        }
      },
      "Microsoft.CodeAnalysis.Workspaces.MSBuild": {
        "type": "Transitive",
        "resolved": "5.0.0",
        "contentHash": "/G+LVoAGMz6Ae8nm+PGLxSw+F5RjYx/J7irbTO5uKAPw1bxHyQJLc/YOnpDxt+EpPtYxvC9wvBsg/kETZp1F9Q==",
        "dependencies": {
          "Humanizer.Core": "2.14.1",
          "Microsoft.Build.Framework": "17.11.31",
          "Microsoft.CodeAnalysis.Analyzers": "3.11.0",
          "Microsoft.CodeAnalysis.Workspaces.Common": "[5.0.0]",
          "Microsoft.VisualStudio.SolutionPersistence": "1.0.52",
          "Newtonsoft.Json": "13.0.3",
          "System.Composition": "9.0.0"
        }
      },
      "Microsoft.EntityFrameworkCore": {
        "type": "Transitive",
        "resolved": "10.0.10",
        "contentHash": "a0V7zj/VbYP6dTdWpUgE/r2PuLKtUGe2aJ0lVKkn/wP9ZhaxUz2kQydVfvOjCv2SKxlrqdBfHhPD4Cvlf+4ffA==",
        "dependencies": {
          "Microsoft.EntityFrameworkCore.Abstractions": "10.0.10",
          "Microsoft.EntityFrameworkCore.Analyzers": "10.0.10"
        }
      },
      "Microsoft.EntityFrameworkCore.Abstractions": {
        "type": "Transitive",
        "resolved": "10.0.10",
        "contentHash": "bOzrFCl6uZCjaSh2bG1ToRQRdx+iXvxosCg9hFyG9OWeAzOFI4xev9OqKeWfKf/kAHyox2JnbcvLVf2ceA7sqA=="
      },
      "Microsoft.EntityFrameworkCore.Analyzers": {
        "type": "Transitive",
        "resolved": "10.0.10",
        "contentHash": "2gLDordUCGf3aNOOuqtTbP5mxhiP9nk6TnvGiE3RnqT891O+Zf/qKu1PIREubs1M16A0SImr4vULBfU5BTDs1Q=="
      },
      "Microsoft.EntityFrameworkCore.Design": {
        "type": "Transitive",
        "resolved": "10.0.10",
        "contentHash": "BsvxiKcy8k4/ijAPitmwKG1mlVsdC2lQtFLP28K2N8PlsGYbqPFOyfJ7p2kWil3gM6xXgQGf8Hz/pJB8ej+Dug==",
        "dependencies": {
          "Humanizer.Core": "2.14.1",
          "Microsoft.Build.Framework": "18.0.2",
          "Microsoft.CodeAnalysis.CSharp": "5.0.0",
          "Microsoft.CodeAnalysis.CSharp.Workspaces": "5.0.0",
          "Microsoft.CodeAnalysis.Workspaces.MSBuild": "5.0.0",
          "Microsoft.EntityFrameworkCore.Relational": "10.0.10",
          "Microsoft.Extensions.DependencyModel": "10.0.10",
          "Mono.TextTemplating": "3.0.0",
          "Newtonsoft.Json": "13.0.3"
        }
      },
      "Microsoft.EntityFrameworkCore.Relational": {
        "type": "Transitive",
        "resolved": "10.0.10",
        "contentHash": "wNonj40aZxia+GtuBiiD6ZqVh4h6y5Nje1bGdmzZ8/ui0QRsAN+S0SIrLHFCEGbG9cDbeaE40sh+Lr7o9rRs6g==",
        "dependencies": {
          "Microsoft.EntityFrameworkCore": "10.0.10"
        }
      },
      "Microsoft.Extensions.DependencyInjection.Abstractions": {
        "type": "Transitive",
        "resolved": "2.1.0",
        "contentHash": "8/CtASu80UIoyG+r8FstrmZW5GLtXxzoYpjj3jV0FKZCL5CiFgSH3pAmqut/dC68mu7N1bU6v0UtKKL3gCUQGQ=="
      },
      "Microsoft.Extensions.DependencyModel": {
        "type": "Transitive",
        "resolved": "10.0.10",
        "contentHash": "rfZA1RjR021RPqSmIPovfz2aOd79TGqJ9BengbjnzIISOVwjLmuSDnhCMmiY/1c6iYvGolQ1iNGzkav0u11XEA=="
      },
      "Microsoft.IdentityModel.Abstractions": {
        "type": "Transitive",
        "resolved": "8.0.1",
        "contentHash": "OtlIWcyX01olfdevPKZdIPfBEvbcioDyBiE/Z2lHsopsMD7twcKtlN9kMevHmI5IIPhFpfwCIiR6qHQz1WHUIw=="
      },
      "Microsoft.IdentityModel.JsonWebTokens": {
        "type": "Transitive",
        "resolved": "8.0.1",
        "contentHash": "s6++gF9x0rQApQzOBbSyp4jUaAlwm+DroKfL8gdOHxs83k8SJfUXhuc46rDB3rNXBQ1MVRxqKUrqFhO/M0E97g==",
        "dependencies": {
          "Microsoft.IdentityModel.Tokens": "8.0.1"
        }
      },
      "Microsoft.IdentityModel.Logging": {
        "type": "Transitive",
        "resolved": "8.0.1",
        "contentHash": "UCPF2exZqBXe7v/6sGNiM6zCQOUXXQ9+v5VTb9gPB8ZSUPnX53BxlN78v2jsbIvK9Dq4GovQxo23x8JgWvm/Qg==",
        "dependencies": {
          "Microsoft.IdentityModel.Abstractions": "8.0.1"
        }
      },
      "Microsoft.IdentityModel.Protocols": {
        "type": "Transitive",
        "resolved": "8.0.1",
        "contentHash": "uA2vpKqU3I2mBBEaeJAWPTjT9v1TZrGWKdgK6G5qJd03CLx83kdiqO9cmiK8/n1erkHzFBwU/RphP83aAe3i3g==",
        "dependencies": {
          "Microsoft.IdentityModel.Tokens": "8.0.1"
        }
      },
      "Microsoft.IdentityModel.Protocols.OpenIdConnect": {
        "type": "Transitive",
        "resolved": "8.0.1",
        "contentHash": "AQDbfpL+yzuuGhO/mQhKNsp44pm5Jv8/BI4KiFXR7beVGZoSH35zMV3PrmcfvSTsyI6qrcR898NzUauD6SRigg==",
        "dependencies": {
          "Microsoft.IdentityModel.Protocols": "8.0.1",
          "System.IdentityModel.Tokens.Jwt": "8.0.1"
        }
      },
      "Microsoft.IdentityModel.Tokens": {
        "type": "Transitive",
        "resolved": "8.0.1",
        "contentHash": "kDimB6Dkd3nkW2oZPDkMkVHfQt3IDqO5gL0oa8WVy3OP4uE8Ij+8TXnqg9TOd9ufjsY3IDiGz7pCUbnfL18tjg==",
        "dependencies": {
          "Microsoft.IdentityModel.Logging": "8.0.1"
        }
      },
      "Microsoft.NETCore.Platforms": {
        "type": "Transitive",
        "resolved": "3.1.4",
        "contentHash": "9/y05/CuxE+j184Nr4KihhB9KcUkvGojmD4JV4Vt/mHhVZR+eOCD5WCM+CXye9K0OFMsaPXbN+IcaIpjgBGZmg=="
      },
      "Microsoft.VisualStudio.SolutionPersistence": {
        "type": "Transitive",
        "resolved": "1.0.52",
        "contentHash": "oNv2JtYXhpdJrX63nibx1JT3uCESOBQ1LAk7Dtz/sr0+laW0KRM6eKp4CZ3MHDR2siIkKsY8MmUkeP5DKkQQ5w=="
      },
      "Microsoft.Win32.SystemEvents": {
        "type": "Transitive",
        "resolved": "4.7.0",
        "contentHash": "mtVirZr++rq+XCDITMUdnETD59XoeMxSpLRIII7JRI6Yj0LEDiO1pPn0ktlnIj12Ix8bfvQqQDMMIF9wC98oCA==",
        "dependencies": {
          "Microsoft.NETCore.Platforms": "3.1.0"
        }
      },
      "Mono.TextTemplating": {
        "type": "Transitive",
        "resolved": "3.0.0",
        "contentHash": "YqueG52R/Xej4VVbKuRIodjiAhV0HR/XVbLbNrJhCZnzjnSjgMJ/dCdV0akQQxavX6hp/LC6rqLGLcXeQYU7XA==",
        "dependencies": {
          "System.CodeDom": "6.0.0"
        }
      },
      "ncrontab": {
        "type": "Transitive",
        "resolved": "3.3.0",
        "contentHash": "oNHphZD7YiqHJoqX5Myw+lfDDTnnI2i+mCuil8MW2gyHaEejhLOdsS9pqVUGAEIJsu4+OL+m3UmkBcw2gkdtsg=="
      },
      "Newtonsoft.Json": {
        "type": "Transitive",
        "resolved": "13.0.4",
        "contentHash": "pdgNNMai3zv51W5aq268sujXUyx7SNdE2bj1wZcWjAQrKMFZV260lbqYop1d2GM67JI1huLRwxo9ZqnfF/lC6A=="
      },
      "Npgsql": {
        "type": "Transitive",
        "resolved": "10.0.3",
        "contentHash": "7nb5YzXuvWWJxB0J8DiyL3we+X4FOctZrt0fIBnucOIaIevFEEwGQVZKtiu9olXdlNAK1eNgqSral6r/jlhI4w=="
      },
      "OneOf": {
        "type": "Transitive",
        "resolved": "3.0.271",
        "contentHash": "pqpqeK8xQGggExhr4tesVgJkjdn+9HQAO0QgrYV2hFjE3y90okzk1kQMntMiUOGfV7FrCUfKPaVvPBD4IANqKg=="
      },
      "OpenTelemetry": {
        "type": "Transitive",
        "resolved": "1.16.0",
        "contentHash": "nE/Px3MUvQC8c0UG0DOP5OJE7vMtiMaPYi/6TkSS/o/O0s/oPq+8WaPYTVEPzb7lwu/QyLgknc+sFm2FjPXe2A==",
        "dependencies": {
          "OpenTelemetry.Api.ProviderBuilderExtensions": "1.16.0"
        }
      },
      "OpenTelemetry.Api": {
        "type": "Transitive",
        "resolved": "1.16.0",
        "contentHash": "WZP8Eb6vZTeNqeV+fjBitc7iefBoTHIhaWorqg/h/YiQBlcQJu0bICuTqKV0XRyjiE0eWs80yLlnUtHAFSkFWA=="
      },
      "OpenTelemetry.Api.ProviderBuilderExtensions": {
        "type": "Transitive",
        "resolved": "1.16.0",
        "contentHash": "hZwaHAkXvUNn9+cS+vEvYBgIrIQOQRz2cIRUODZ5gxHsDsLeNCueLgZFkybopjE0jUhLut6lm5eL3LTqbW0hMg==",
        "dependencies": {
          "OpenTelemetry.Api": "1.16.0"
        }
      },
      "OpenTelemetry.AutoInstrumentation.AspNetCoreBootstrapper": {
        "type": "Transitive",
        "resolved": "1.16.0",
        "contentHash": "k77+WBypbuQ15D4SC/geNG3JHhb2uwobHw1nLLjACj9lKb43BbGrnVvq6SoqL0SYRuifDrBZXIBbWW3/DqIwLA==",
        "dependencies": {
          "OpenTelemetry.AutoInstrumentation.Runtime.Managed": "1.16.0"
        }
      },
      "OpenTelemetry.AutoInstrumentation.BuildTasks": {
        "type": "Transitive",
        "resolved": "1.16.0",
        "contentHash": "yHl8p1YXf7ChpzMlP4rqLcCzwYG8ZEmGVrRR1e+cijm6sEBR+MFuuf7yoJ5wHh0xIK3/G1Hh8z0LijscnNTxhA=="
      },
      "OpenTelemetry.AutoInstrumentation.Loader": {
        "type": "Transitive",
        "resolved": "1.16.0",
        "contentHash": "EgLUsRqPOxbxP/eVM987fhs9EBYXRDUiNSyUvo2NeCaWBes+2LnG4Q++kZ/jrk9Cyfg0WE1HfXEYSpI3Mesvrw=="
      },
      "OpenTelemetry.AutoInstrumentation.Runtime.Managed": {
        "type": "Transitive",
        "resolved": "1.16.0",
        "contentHash": "6XHrNNSuONeklhRd7wQpr2GRL2w3/nABq/0EKwbj/aW+jCuKa9D+d0lDTLF65Na2uAsUeAkm14WO3UZ69oPh0A==",
        "dependencies": {
          "OpenTelemetry": "1.16.0",
          "OpenTelemetry.Api": "1.16.0",
          "OpenTelemetry.Exporter.Console": "1.16.0",
          "OpenTelemetry.Exporter.OpenTelemetryProtocol": "1.16.0",
          "OpenTelemetry.Exporter.Prometheus.HttpListener": "1.16.0-beta.1",
          "OpenTelemetry.Exporter.Zipkin": "1.16.0",
          "OpenTelemetry.Extensions.Propagators": "1.16.0",
          "OpenTelemetry.Instrumentation.AspNetCore": "1.16.0",
          "OpenTelemetry.Instrumentation.EntityFrameworkCore": "1.16.0-beta.1",
          "OpenTelemetry.Instrumentation.GrpcNetClient": "1.16.0-beta.1",
          "OpenTelemetry.Instrumentation.Http": "1.16.0",
          "OpenTelemetry.Instrumentation.Process": "1.16.0-beta.1",
          "OpenTelemetry.Instrumentation.Quartz": "1.15.1-beta.1",
          "OpenTelemetry.Instrumentation.Runtime": "1.15.1",
          "OpenTelemetry.Instrumentation.SqlClient": "1.16.0",
          "OpenTelemetry.Instrumentation.Wcf": "1.16.0-beta.1",
          "OpenTelemetry.OpAmp.Client": "0.6.0-alpha.1",
          "OpenTelemetry.Resources.Azure": "1.15.1-beta.1",
          "OpenTelemetry.Resources.Container": "1.15.1-beta.1",
          "OpenTelemetry.Resources.Host": "1.15.1-beta.1",
          "OpenTelemetry.Resources.OperatingSystem": "1.15.1-beta.1",
          "OpenTelemetry.Resources.Process": "1.15.1-beta.2",
          "OpenTelemetry.Resources.ProcessRuntime": "1.15.1-beta.1",
          "OpenTelemetry.Shims.OpenTracing": "1.16.0-beta.1"
        }
      },
      "OpenTelemetry.AutoInstrumentation.Runtime.Native": {
        "type": "Transitive",
        "resolved": "1.16.0",
        "contentHash": "8LsgOIcer8Q6GkEhz3cuc3RIQl+Yq2XjK3XgFQ9mfcZkKAuVc+YE04XrsSWwXxcORZPW8Uax7t/PO9y4Ao/+lQ=="
      },
      "OpenTelemetry.AutoInstrumentation.StartupHook": {
        "type": "Transitive",
        "resolved": "1.16.0",
        "contentHash": "NUNmIfvnLRYOUjEXilnIlzUec00UMKh2HeEyx6JVaPMHKEh5xGkZUg87YEbpNtCDFBfNs0TXkaSFp+jteexyug=="
      },
      "OpenTelemetry.Exporter.Console": {
        "type": "Transitive",
        "resolved": "1.16.0",
        "contentHash": "cv3pKEn3KyJUNz9o8kvu5UN0NJEUoNSo5hJR4rgbfvqM6oA3moj+tkpbbQrE3bDvetBvYBes17ZxQxBBTvnJ+w==",
        "dependencies": {
          "OpenTelemetry": "1.16.0"
        }
      },
      "OpenTelemetry.Exporter.OpenTelemetryProtocol": {
        "type": "Transitive",
        "resolved": "1.16.0",
        "contentHash": "gzYLY8sVDY5FYtVlCYSzBYX53xslRlvBLxwFYOdNIhc76SgKdFYUoDQXOeQI3WPBCrZp51QNcP6fZHh1+HtpIQ==",
        "dependencies": {
          "OpenTelemetry": "1.16.0"
        }
      },
      "OpenTelemetry.Exporter.Prometheus.HttpListener": {
        "type": "Transitive",
        "resolved": "1.16.0-beta.1",
        "contentHash": "HRVeBsDrwcc7X46kSgZwohNNdxvL9As833CId4tEt0095qjsGm2g5O5f2+PldICV6KqhthwodkDAbgq9iQZEgw==",
        "dependencies": {
          "OpenTelemetry": "[1.16.0, 2.0.0)"
        }
      },
      "OpenTelemetry.Exporter.Zipkin": {
        "type": "Transitive",
        "resolved": "1.16.0",
        "contentHash": "9Zg+3+LVQqsONJ4ZAI8QmiCttC3KEQQw4DZyc6B9tAEi3G5FRN9xqei+KUNB1UKADOQhNC+G8CFf7hhiLOVf8A==",
        "dependencies": {
          "OpenTelemetry": "1.16.0"
        }
      },
      "OpenTelemetry.Extensions.Propagators": {
        "type": "Transitive",
        "resolved": "1.16.0",
        "contentHash": "s9Hi6NGsAIyIWmM2ytMsRrxwbidlyiBC9u6zWgDZHYrLCw99cth8c38kIxQPBaI5yQvp3L63R0K8Iml5HiyUfg==",
        "dependencies": {
          "OpenTelemetry.Api": "1.16.0"
        }
      },
      "OpenTelemetry.Instrumentation.AspNetCore": {
        "type": "Transitive",
        "resolved": "1.16.0",
        "contentHash": "vSC5EsmBVNcqXMh9BGkkq8zkoUjrg8ghBDb9zbKR8Bqjd05utjVgVft+fqsqQVsvlV5olGj1pBliHBngcIGSIg==",
        "dependencies": {
          "OpenTelemetry.Api.ProviderBuilderExtensions": "[1.16.0, 2.0.0)"
        }
      },
      "OpenTelemetry.Instrumentation.EntityFrameworkCore": {
        "type": "Transitive",
        "resolved": "1.16.0-beta.1",
        "contentHash": "W8rVFb3/MD7EPf4xzFFGJV8ZP1SfI3FduPGyC8gtOJr9hHWGaxmGgqGjjepEk91rX4ZwqGwRB0fabbpVRNEtQg==",
        "dependencies": {
          "OpenTelemetry.Api.ProviderBuilderExtensions": "[1.16.0, 2.0.0)"
        }
      },
      "OpenTelemetry.Instrumentation.GrpcNetClient": {
        "type": "Transitive",
        "resolved": "1.16.0-beta.1",
        "contentHash": "gwyEXRWLXNRyZrbOXrZfFIsMExvztDXUT1qy3JUp21xldo5LzwM0tnKrTxswHP4yFr6FOVryZa2UWPDvjQaF1Q==",
        "dependencies": {
          "OpenTelemetry": "[1.16.0, 2.0.0)"
        }
      },
      "OpenTelemetry.Instrumentation.Http": {
        "type": "Transitive",
        "resolved": "1.16.0",
        "contentHash": "+Sz3lfvMXwWE8s/sMruHCDlO/+cArFVc6oBg1tCb70BKlL9FCC7uK4Ar2/VP9Hhwvs+UwaW1vGzE/uiByVHXiA==",
        "dependencies": {
          "OpenTelemetry.Api.ProviderBuilderExtensions": "[1.16.0, 2.0.0)"
        }
      },
      "OpenTelemetry.Instrumentation.Process": {
        "type": "Transitive",
        "resolved": "1.16.0-beta.1",
        "contentHash": "zJT5Qr4VB+T1VBcq6FPLfsSTx6/XdB7qZlDyIBk87r6rjbMJTm6vAuxP5c4Sgv4O5TKBDOsHDhacFw+isuLr7A==",
        "dependencies": {
          "OpenTelemetry.Api": "[1.16.0, 2.0.0)"
        }
      },
      "OpenTelemetry.Instrumentation.Quartz": {
        "type": "Transitive",
        "resolved": "1.15.1-beta.1",
        "contentHash": "bk6UVaeRXMj9yXewdm28ua9M2C6MTzRGCGZYcJd0CTNwbIdCB/c7Pu02F2y4iQ0NdvZhov+0GO60Vx9IWXpo7A==",
        "dependencies": {
          "OpenTelemetry.Api": "[1.15.3, 2.0.0)"
        }
      },
      "OpenTelemetry.Instrumentation.Runtime": {
        "type": "Transitive",
        "resolved": "1.15.1",
        "contentHash": "cpPwlUT5HXcLGPaIgsbSy0W9eFYAPGVbTP1p8/uyQ4Osvf5BJuPpEXE7crL09SmEd44r0DGNKDtsqxaAz0HxQw==",
        "dependencies": {
          "OpenTelemetry.Api": "[1.15.3, 2.0.0)"
        }
      },
      "OpenTelemetry.Instrumentation.SqlClient": {
        "type": "Transitive",
        "resolved": "1.16.0",
        "contentHash": "gZCmdQN24ty9FNLKYUR0VAojTByO650HgN89Ddoi9AIA2L3XqIHyUadNnFuIOKNo6+Pgrn4NgehvOzcmYhcl7A==",
        "dependencies": {
          "OpenTelemetry.Api.ProviderBuilderExtensions": "[1.16.0, 2.0.0)"
        }
      },
      "OpenTelemetry.Instrumentation.Wcf": {
        "type": "Transitive",
        "resolved": "1.16.0-beta.1",
        "contentHash": "sfi2xk32rJaSBi4xYVf/UTWCLCfi799Ei0L1bQ9W/mQSexU+74ZeyVEKpCUjr77RPr4I6f7KxyNlaasnjYhHXg==",
        "dependencies": {
          "OpenTelemetry": "[1.16.0, 2.0.0)",
          "System.Drawing.Common": "4.7.2",
          "System.ServiceModel.Primitives": "4.7.0"
        }
      },
      "OpenTelemetry.OpAmp.Client": {
        "type": "Transitive",
        "resolved": "0.6.0-alpha.1",
        "contentHash": "oAxRigBnr3/hRC7MVxE0ktE4NeRF3PyKHvKe2vYLUkYLURq/gmAsAlS4jv6s57NtC3Y6phsK+9oA3H+U6E7h3g==",
        "dependencies": {
          "Google.Protobuf": "3.31.1"
        }
      },
      "OpenTelemetry.Resources.Azure": {
        "type": "Transitive",
        "resolved": "1.15.1-beta.1",
        "contentHash": "eXWX3ciaXo4JqjGshY2XYMUwKX7hlXLHXV1Guvv6AI+6GSMnF/aQgX33DKSXa2HZvWWT2d4ZNWY5rhSEq/ZI2Q==",
        "dependencies": {
          "OpenTelemetry": "[1.15.3, 2.0.0)"
        }
      },
      "OpenTelemetry.Resources.Container": {
        "type": "Transitive",
        "resolved": "1.15.1-beta.1",
        "contentHash": "CYHfth1cotlOhwH2S2EKZXDYqpLK+j9OYAb+JE05Y9dq4T9Zk0fbnrZODVsL7skuTicHeeMWmfjDOqR19HpBsA==",
        "dependencies": {
          "OpenTelemetry": "[1.15.3, 2.0.0)"
        }
      },
      "OpenTelemetry.Resources.Host": {
        "type": "Transitive",
        "resolved": "1.15.1-beta.1",
        "contentHash": "fSj9NTFIr1HNGI+12XMpkvhFDOAgvphizWHxCScESMneOR3HXQUzHrxydZbZ5PPkXahYuXj4p+wJunGaaKCxXQ==",
        "dependencies": {
          "OpenTelemetry": "[1.15.3, 2.0.0)"
        }
      },
      "OpenTelemetry.Resources.OperatingSystem": {
        "type": "Transitive",
        "resolved": "1.15.1-beta.1",
        "contentHash": "oSBTziMtntB7+bdRPj5XPtJh3c4SI+9MJfRbRgX+axzp8aBgeeA+DlgJyV3oM27+Jh4dLxp+d05zLlxGCU3rpg==",
        "dependencies": {
          "OpenTelemetry": "[1.15.3, 2.0.0)"
        }
      },
      "OpenTelemetry.Resources.Process": {
        "type": "Transitive",
        "resolved": "1.15.1-beta.2",
        "contentHash": "P8fZdWpUdPpVtBeexTC0UdaigtL6Y7WdprzNG0x9M6UQ1JE580FXD1ypvpTft1QmxbaW6b3DJgYZy5sIML4zPA==",
        "dependencies": {
          "OpenTelemetry": "[1.15.3, 2.0.0)"
        }
      },
      "OpenTelemetry.Resources.ProcessRuntime": {
        "type": "Transitive",
        "resolved": "1.15.1-beta.1",
        "contentHash": "fEyLeShczmZ10XcrfQp2TMeGDVEktTzkkNHnlWRkMiF7PUsjL8mYiN330FRSUtvWFiO4j8Xb/6vvQq3MgB8wGw==",
        "dependencies": {
          "OpenTelemetry": "[1.15.3, 2.0.0)"
        }
      },
      "OpenTelemetry.Shims.OpenTracing": {
        "type": "Transitive",
        "resolved": "1.16.0-beta.1",
        "contentHash": "tOQNkV/serb/48f9rtM6yAKEtf4oGO4+k0EqjqyP4KGlDsz67yQYfqGmYu4g4k4XTPQcDq1113TDtRt4Gl/FSQ==",
        "dependencies": {
          "OpenTelemetry.Api": "[1.16.0, 2.0.0)",
          "OpenTracing": "[0.12.1, 0.13.0)"
        }
      },
      "OpenTracing": {
        "type": "Transitive",
        "resolved": "0.12.1",
        "contentHash": "8i/Vnx/lbWzqqJ6J5lofguT4wBS99rfqKujWrFrTGAclQBZ5h1CgBlzGOTqsNjmMsxSTLpC+Ns6/f1RB0c4O/g=="
      },
      "Polly": {
        "type": "Transitive",
        "resolved": "7.2.4",
        "contentHash": "bw00Ck5sh6ekduDE3mnCo1ohzuad946uslCDEENu3091+6UKnBuKLo4e+yaNcCzXxOZCXWY2gV4a35+K1d4LDA=="
      },
      "Polly.Core": {
        "type": "Transitive",
        "resolved": "8.6.5",
        "contentHash": "t+sUVrIwvo7UmsgHGgOG9F0GDZSRIm47u2ylH17Gvcv1q5hNEwgD5GoBlFyc0kh/pebmPyrAgvGsR/65ZBaXlg=="
      },
      "Polly.Extensions.Http": {
        "type": "Transitive",
        "resolved": "3.0.0",
        "contentHash": "drrG+hB3pYFY7w1c3BD+lSGYvH2oIclH8GRSehgfyP5kjnFnHKQuuBhuHLv+PWyFuaTDyk/vfRpnxOzd11+J8g==",
        "dependencies": {
          "Polly": "7.1.0"
        }
      },
      "System.CodeDom": {
        "type": "Transitive",
        "resolved": "7.0.0",
        "contentHash": "GLltyqEsE5/3IE+zYRP5sNa1l44qKl9v+bfdMcwg+M9qnQf47wK3H0SUR/T+3N4JEQXF3vV4CSuuo0rsg+nq2A=="
      },
      "System.Composition": {
        "type": "Transitive",
        "resolved": "9.0.0",
        "contentHash": "3Djj70fFTraOarSKmRnmRy/zm4YurICm+kiCtI0dYRqGJnLX6nJ+G3WYuFJ173cAPax/gh96REcbNiVqcrypFQ==",
        "dependencies": {
          "System.Composition.AttributedModel": "9.0.0",
          "System.Composition.Convention": "9.0.0",
          "System.Composition.Hosting": "9.0.0",
          "System.Composition.Runtime": "9.0.0",
          "System.Composition.TypedParts": "9.0.0"
        }
      },
      "System.Composition.AttributedModel": {
        "type": "Transitive",
        "resolved": "9.0.0",
        "contentHash": "iri00l/zIX9g4lHMY+Nz0qV1n40+jFYAmgsaiNn16xvt2RDwlqByNG4wgblagnDYxm3YSQQ0jLlC/7Xlk9CzyA=="
      },
      "System.Composition.Convention": {
        "type": "Transitive",
        "resolved": "9.0.0",
        "contentHash": "+vuqVP6xpi582XIjJi6OCsIxuoTZfR0M7WWufk3uGDeCl3wGW6KnpylUJ3iiXdPByPE0vR5TjJgR6hDLez4FQg==",
        "dependencies": {
          "System.Composition.AttributedModel": "9.0.0"
        }
      },
      "System.Composition.Hosting": {
        "type": "Transitive",
        "resolved": "9.0.0",
        "contentHash": "OFqSeFeJYr7kHxDfaViGM1ymk7d4JxK//VSoNF9Ux0gpqkLsauDZpu89kTHHNdCWfSljbFcvAafGyBoY094btQ==",
        "dependencies": {
          "System.Composition.Runtime": "9.0.0"
        }
      },
      "System.Composition.Runtime": {
        "type": "Transitive",
        "resolved": "9.0.0",
        "contentHash": "w1HOlQY1zsOWYussjFGZCEYF2UZXgvoYnS94NIu2CBnAGMbXFAX8PY8c92KwUItPmowal68jnVLBCzdrWLeEKA=="
      },
      "System.Composition.TypedParts": {
        "type": "Transitive",
        "resolved": "9.0.0",
        "contentHash": "aRZlojCCGEHDKqh43jaDgaVpYETsgd7Nx4g1zwLKMtv4iTo0627715ajEFNpEEBTgLmvZuv8K0EVxc3sM4NWJA==",
        "dependencies": {
          "System.Composition.AttributedModel": "9.0.0",
          "System.Composition.Hosting": "9.0.0",
          "System.Composition.Runtime": "9.0.0"
        }
      },
      "System.Drawing.Common": {
        "type": "Transitive",
        "resolved": "4.7.2",
        "contentHash": "I2y4KBK3VCvU/WqE2xv7NjQ67maXHttkFSHYKgU2evrG9Yqh0oFjfORXt5hZTk+BVjdyFo2h0/YQZsca33BGmg==",
        "dependencies": {
          "Microsoft.NETCore.Platforms": "3.1.4",
          "Microsoft.Win32.SystemEvents": "4.7.0"
        }
      },
      "System.IdentityModel.Tokens.Jwt": {
        "type": "Transitive",
        "resolved": "8.0.1",
        "contentHash": "GJw3bYkWpOgvN3tJo5X4lYUeIFA2HD293FPUhKmp7qxS+g5ywAb34Dnd3cDAFLkcMohy5XTpoaZ4uAHuw0uSPQ==",
        "dependencies": {
          "Microsoft.IdentityModel.JsonWebTokens": "8.0.1",
          "Microsoft.IdentityModel.Tokens": "8.0.1"
        }
      },
      "System.Management": {
        "type": "Transitive",
        "resolved": "7.0.2",
        "contentHash": "/qEUN91mP/MUQmJnM5y5BdT7ZoPuVrtxnFlbJ8a3kBJGhe2wCzBfnPFtK2wTtEEcf3DMGR9J00GZZfg6HRI6yA==",
        "dependencies": {
          "System.CodeDom": "7.0.0"
        }
      },
      "System.Private.ServiceModel": {
        "type": "Transitive",
        "resolved": "4.7.0",
        "contentHash": "BItrYCkoTV3VzVPsrew+uc34fmLb+3ncgspa7vbO3vkfY9JQCea4u34pHE+Bcv1Iy16MgRs3n2jKVRCDg0rPfg=="
      },
      "System.ServiceModel.Primitives": {
        "type": "Transitive",
        "resolved": "4.7.0",
        "contentHash": "YUXIMO4kL1v6dUVptJGixAx/8Ai5trQzVn3gbk0mpwxh77kGAs+MyBRoHN/5ZoxtwNn4E1dq3N4rJCAgAUaiJA==",
        "dependencies": {
          "System.Private.ServiceModel": "4.7.0"
        }
      },
      "TickerQ.Utilities": {
        "type": "Transitive",
        "resolved": "10.4.0",
        "contentHash": "JBzaR2xNUEAaA+sRBifuNCGakKMmChwCbZULSQm+rBkAw/j/Z/E1POtYEloK8QulzKRlxx0TaQLa9LJSbQi3tw==",
        "dependencies": {
          "NCrontab": "3.3.0"
        }
      }
    }
  }
}