version = 1
requires-python = ">=3.12"

[[package]]
name = "grpcio"
version = "1.70.0"
source = { registry = "https://pypi.org/simple" }
sdist = { url = "https://files.pythonhosted.org/packages/69/e1/4b21b5017c33f3600dcc32b802bb48fe44a4d36d6c066f52650c7c2690fa/grpcio-1.70.0.tar.gz", hash = "sha256:8d1584a68d5922330025881e63a6c1b54cc8117291d382e4fa69339b6d914c56", size = 12788932 }
wheels = [
    { url = "https://files.pythonhosted.org/packages/68/38/66d0f32f88feaf7d83f8559cd87d899c970f91b1b8a8819b58226de0a496/grpcio-1.70.0-cp313-cp313-linux_armv7l.whl", hash = "sha256:aa573896aeb7d7ce10b1fa425ba263e8dddd83d71530d1322fd3a16f31257b4a", size = 5199218 },
    { url = "https://files.pythonhosted.org/packages/c1/96/947df763a0b18efb5cc6c2ae348e56d97ca520dc5300c01617b234410173/grpcio-1.70.0-cp313-cp313-macosx_10_14_universal2.whl", hash = "sha256:d405b005018fd516c9ac529f4b4122342f60ec1cee181788249372524e6db429", size = 11445983 },
    { url = "https://files.pythonhosted.org/packages/fd/5b/f3d4b063e51b2454bedb828e41f3485800889a3609c49e60f2296cc8b8e5/grpcio-1.70.0-cp313-cp313-manylinux_2_17_aarch64.whl", hash = "sha256:f32090238b720eb585248654db8e3afc87b48d26ac423c8dde8334a232ff53c9", size = 5663954 },
    { url = "https://files.pythonhosted.org/packages/bd/0b/dab54365fcedf63e9f358c1431885478e77d6f190d65668936b12dd38057/grpcio-1.70.0-cp313-cp313-manylinux_2_17_i686.manylinux2014_i686.whl", hash = "sha256:dfa089a734f24ee5f6880c83d043e4f46bf812fcea5181dcb3a572db1e79e01c", size = 6304323 },
    { url = "https://files.pythonhosted.org/packages/76/a8/8f965a7171ddd336ce32946e22954aa1bbc6f23f095e15dadaa70604ba20/grpcio-1.70.0-cp313-cp313-manylinux_2_17_x86_64.manylinux2014_x86_64.whl", hash = "sha256:f19375f0300b96c0117aca118d400e76fede6db6e91f3c34b7b035822e06c35f", size = 5910939 },
    { url = "https://files.pythonhosted.org/packages/1b/05/0bbf68be8b17d1ed6f178435a3c0c12e665a1e6054470a64ce3cb7896596/grpcio-1.70.0-cp313-cp313-musllinux_1_1_i686.whl", hash = "sha256:7c73c42102e4a5ec76608d9b60227d917cea46dff4d11d372f64cbeb56d259d0", size = 6631405 },
    { url = "https://files.pythonhosted.org/packages/79/6a/5df64b6df405a1ed1482cb6c10044b06ec47fd28e87c2232dbcf435ecb33/grpcio-1.70.0-cp313-cp313-musllinux_1_1_x86_64.whl", hash = "sha256:0a5c78d5198a1f0aa60006cd6eb1c912b4a1520b6a3968e677dbcba215fabb40", size = 6190982 },
    { url = "https://files.pythonhosted.org/packages/42/aa/aeaac87737e6d25d1048c53b8ec408c056d3ed0c922e7c5efad65384250c/grpcio-1.70.0-cp313-cp313-win32.whl", hash = "sha256:fe9dbd916df3b60e865258a8c72ac98f3ac9e2a9542dcb72b7a34d236242a5ce", size = 3598359 },
    { url = "https://files.pythonhosted.org/packages/1f/79/8edd2442d2de1431b4a3de84ef91c37002f12de0f9b577fb07b452989dbc/grpcio-1.70.0-cp313-cp313-win_amd64.whl", hash = "sha256:4119fed8abb7ff6c32e3d2255301e59c316c22d31ab812b3fbcbaf3d0d87cc68", size = 4293938 },
]

[[package]]
name = "grpcio-tools"
version = "1.70.0"
source = { registry = "https://pypi.org/simple" }
dependencies = [
    { name = "grpcio" },
    { name = "protobuf" },
    { name = "setuptools" },
]
sdist = { url = "https://files.pythonhosted.org/packages/c1/fe/3adf1035c1f9e9243516530beae67e197f2acc17562ec75f03a0ba77fc55/grpcio_tools-1.70.0.tar.gz", hash = "sha256:e578fee7c1c213c8e471750d92631d00f178a15479fb2cb3b939a07fc125ccd3", size = 5323149 }
wheels = [
    { url = "https://files.pythonhosted.org/packages/49/2a/bf442acb748b2a53281e5e7cc3fa36c25ae99436cd2f2cfe684096d4c39f/grpcio_tools-1.70.0-cp313-cp313-linux_armv7l.whl", hash = "sha256:f024688d04e7a9429489ed695b85628075c3c6d655198ba3c6ccbd1d8b7c333b", size = 2380142 },
    { url = "https://files.pythonhosted.org/packages/dc/a2/984dabaf1cdc41e267acdd37232026ede28f55bc6f9e932907bcbbb46773/grpcio_tools-1.70.0-cp313-cp313-macosx_10_14_universal2.whl", hash = "sha256:1fa9a81621d7178498dedcf94eb8f276a7594327faf3dd5fd1935ce2819a2bdb", size = 5955907 },
    { url = "https://files.pythonhosted.org/packages/cd/78/ebefc32418be93828b46eca5952ef1cb0400b33883bc20c22b1fc2a51f61/grpcio_tools-1.70.0-cp313-cp313-manylinux_2_17_aarch64.whl", hash = "sha256:c6da2585c0950cdb650df1ff6d85b3fe31e22f8370b9ee11f8fe641d5b4bf096", size = 2335428 },
    { url = "https://files.pythonhosted.org/packages/a0/f8/5d4b58dc846bf28b8b9abf07f5d091eb078fc4f01184adb3b374cf5119a4/grpcio_tools-1.70.0-cp313-cp313-manylinux_2_17_i686.manylinux2014_i686.whl", hash = "sha256:70234b592af17050ec30cf35894790cef52aeae87639efe6db854a7fa783cc8c", size = 2728481 },
    { url = "https://files.pythonhosted.org/packages/b0/28/46833d415b2c2e3e0f36763c528da48785c94580240684e56410abd08aa0/grpcio_tools-1.70.0-cp313-cp313-manylinux_2_17_x86_64.manylinux2014_x86_64.whl", hash = "sha256:9c021b040d0a9f5bb96a725c4d2b95008aad127d6bed124a7bbe854973014f5b", size = 2462401 },
    { url = "https://files.pythonhosted.org/packages/fa/8a/c771a09aea58275106e08e7dd37470c6e8555dfcea9a7b44d1c5adc80370/grpcio_tools-1.70.0-cp313-cp313-musllinux_1_1_i686.whl", hash = "sha256:114a42e566e5b16a47e98f7910a6c0074b37e2d1faacaae13222e463d0d0d43c", size = 3340068 },
    { url = "https://files.pythonhosted.org/packages/3a/be/e3dfa73435c633859c4a045c299105e99a6c6a41cda524148bf9c8d4dc99/grpcio_tools-1.70.0-cp313-cp313-musllinux_1_1_x86_64.whl", hash = "sha256:4cae365d7e3ba297256216a9a256458b286f75c64603f017972b3ad1ee374437", size = 2944317 },
    { url = "https://files.pythonhosted.org/packages/b6/bd/e30fb2b0ce2c0c48caf994b1ebedb56fc7103e26062dd31a41ad1e528eb7/grpcio_tools-1.70.0-cp313-cp313-win32.whl", hash = "sha256:ae139a8d3ddd8353f62af3af018e99ebcd2f4a237bd319cb4b6f58dd608aaa54", size = 946136 },
    { url = "https://files.pythonhosted.org/packages/0f/8a/92aba852bbe2ddf3e44c354b4162b3cf350b810523ffb2d0e5937bd3f249/grpcio_tools-1.70.0-cp313-cp313-win_amd64.whl", hash = "sha256:04bf30c0eb2741defe3ab6e0a6102b022d69cfd39d68fab9b954993ceca8d346", size = 1118147 },
]

[[package]]
name = "protobuf"
version = "5.29.3"
source = { registry = "https://pypi.org/simple" }
sdist = { url = "https://files.pythonhosted.org/packages/f7/d1/e0a911544ca9993e0f17ce6d3cc0932752356c1b0a834397f28e63479344/protobuf-5.29.3.tar.gz", hash = "sha256:5da0f41edaf117bde316404bad1a486cb4ededf8e4a54891296f648e8e076620", size = 424945 }
wheels = [
    { url = "https://files.pythonhosted.org/packages/dc/7a/1e38f3cafa022f477ca0f57a1f49962f21ad25850c3ca0acd3b9d0091518/protobuf-5.29.3-cp310-abi3-win32.whl", hash = "sha256:3ea51771449e1035f26069c4c7fd51fba990d07bc55ba80701c78f886bf9c888", size = 422708 },
    { url = "https://files.pythonhosted.org/packages/61/fa/aae8e10512b83de633f2646506a6d835b151edf4b30d18d73afd01447253/protobuf-5.29.3-cp310-abi3-win_amd64.whl", hash = "sha256:a4fa6f80816a9a0678429e84973f2f98cbc218cca434abe8db2ad0bffc98503a", size = 434508 },
    { url = "https://files.pythonhosted.org/packages/dd/04/3eaedc2ba17a088961d0e3bd396eac764450f431621b58a04ce898acd126/protobuf-5.29.3-cp38-abi3-macosx_10_9_universal2.whl", hash = "sha256:a8434404bbf139aa9e1300dbf989667a83d42ddda9153d8ab76e0d5dcaca484e", size = 417825 },
    { url = "https://files.pythonhosted.org/packages/4f/06/7c467744d23c3979ce250397e26d8ad8eeb2bea7b18ca12ad58313c1b8d5/protobuf-5.29.3-cp38-abi3-manylinux2014_aarch64.whl", hash = "sha256:daaf63f70f25e8689c072cfad4334ca0ac1d1e05a92fc15c54eb9cf23c3efd84", size = 319573 },
    { url = "https://files.pythonhosted.org/packages/a8/45/2ebbde52ad2be18d3675b6bee50e68cd73c9e0654de77d595540b5129df8/protobuf-5.29.3-cp38-abi3-manylinux2014_x86_64.whl", hash = "sha256:c027e08a08be10b67c06bf2370b99c811c466398c357e615ca88c91c07f0910f", size = 319672 },
    { url = "https://files.pythonhosted.org/packages/fd/b2/ab07b09e0f6d143dfb839693aa05765257bceaa13d03bf1a696b78323e7a/protobuf-5.29.3-py3-none-any.whl", hash = "sha256:0a18ed4a24198528f2333802eb075e59dea9d679ab7a6c5efb017a59004d849f", size = 172550 },
]

[[package]]
name = "setuptools"
version = "75.8.0"
source = { registry = "https://pypi.org/simple" }
sdist = { url = "https://files.pythonhosted.org/packages/92/ec/089608b791d210aec4e7f97488e67ab0d33add3efccb83a056cbafe3a2a6/setuptools-75.8.0.tar.gz", hash = "sha256:c5afc8f407c626b8313a86e10311dd3f661c6cd9c09d4bf8c15c0e11f9f2b0e6", size = 1343222 }
wheels = [
    { url = "https://files.pythonhosted.org/packages/69/8a/b9dc7678803429e4a3bc9ba462fa3dd9066824d3c607490235c6a796be5a/setuptools-75.8.0-py3-none-any.whl", hash = "sha256:e3982f444617239225d675215d51f6ba05f845d4eec313da4418fdbb56fb27e3", size = 1228782 },
]

[[package]]
name = "yt-dlp"
version = "2025.1.30.232843.dev0"
source = { registry = "https://pypi.org/simple" }
sdist = { url = "https://files.pythonhosted.org/packages/b9/10/159b8242810f10a5c5a06c8918623c27219d04ce69d75e7b2cef4b49ce7b/yt_dlp-2025.1.30.232843.dev0.tar.gz", hash = "sha256:3a24f51f6eda8ae3b75d8be70c215b945a9667603ae52fcc4ef1711c362f183d", size = 2924037 }
wheels = [
    { url = "https://files.pythonhosted.org/packages/24/1a/2803e4ae27e97507fc4733a9a56905de2b0f6dc231ef59bd395ca916251d/yt_dlp-2025.1.30.232843.dev0-py3-none-any.whl", hash = "sha256:23550ca0298576d9225b2fc08e6aad88bd839f1a11e7dd622bb69ee39f9867b2", size = 3182511 },
]

[[package]]
name = "grpcio-health-checking"
version = "1.70.0"
source = { registry = "https://pypi.org/simple" }
sdist = { url = "https://files.pythonhosted.org/packages/07/37/33de60a6ee4c6cf67abbe781bc8c69e7f04610997874383eded02d4ab133/grpcio_health_checking-1.70.0.tar.gz", hash = "sha256:ca5fc86a7c609848c3877d11b5d2d2ed27e2923151e2bf61e47051c7d3c10d1b" }
wheels = [{url = "https://files.pythonhosted.org/packages/d3/0f/402056b2ca3b575cdd5a3ae626daa18f410a77392ede0d66d3997ae507a6/grpcio_health_checking-1.70.0-py3-none-any.whl", hash = "sha256:a38c828749e58c4031f005bdb9cc3b84f538947a9a5ea4f1cf957d22f250f515"}]

[[package]]
name = "grpcio-reflection"
version = "1.70.0"
source = { registry = "https://pypi.org/simple" }
sdist = { url = "https://files.pythonhosted.org/packages/42/98/f76681980ec7e9813e010d2778f4109816650760f6839661ae378286b3b5/grpcio_reflection-1.70.0.tar.gz", hash = "sha256:af46ce13e57fd7602deaef5b1d1903f6644f8982cc00f62fa9fa5b928acf6a49" }
wheels = [{url = "https://files.pythonhosted.org/packages/ca/78/81684827a247071eec55da35e5fcf047d595c210bfae33a88c99bd1b8056/grpcio_reflection-1.70.0-py3-none-any.whl", hash = "sha256:5b8730dbb316ebc0b592863f391a6effa8261be1b74022facfc2aa28639ddbfd"}]

[[package]]
name = "ytdownloader"
version = "0.1.0"
source = { virtual = "." }
dependencies = [
    { name = "grpcio" },
    { name = "grpcio-tools" },
    { name = "yt-dlp" },
    { name = "grpcio-health-checking" },
    { name = "grpcio-reflection" },
]

[package.metadata]
requires-dist = [
    { name = "grpcio", specifier = ">=1.70.0" },
    { name = "grpcio-tools", specifier = ">=1.70.0" },
    { name = "grpcio-health-checking", specifier = ">=1.70.0" },
    { name = "grpcio-reflection", specifier = ">=1.70.0" },
    { name = "yt-dlp", specifier = ">=2025.1.30" },
]
