version = 1
revision = 3
requires-python = ">=3.12"

[[package]]
name = "grpcio"
version = "1.84.0"
source = { registry = "https://pypi.org/simple" }
dependencies = [
    { name = "typing-extensions" },
]
sdist = { url = "https://files.pythonhosted.org/packages/3f/4f/4435c0aae54657258d9cfcba78598f3d9e5fe4c82ff18d78558567b90faf/grpcio-1.84.0.tar.gz", hash = "sha256:19aaf172fc2edbefccce3f6e92c5150975dbe56c45744e9e87cf72ebdf85bfbe", size = 13493876, upload-time = "2026-09-14T06:59:33.291Z" }
wheels = [
    { url = "https://files.pythonhosted.org/packages/0a/c1/4c9a2e0e6b0aaf02781404cad2f79211f989f2c827cf672a4a48d1604d3e/grpcio-1.84.0-cp312-cp312-linux_armv7l.whl", hash = "sha256:b5c6f20d657ae09ae4e30d9d3a21edd13f1219d58cc6f999b9d1bb63be9c1baa", size = 6415756, upload-time = "2026-09-14T06:57:39.345Z" },
    { url = "https://files.pythonhosted.org/packages/b1/57/131e7007bdee9acb77a8dbe8a16fa9fef75f88c1695242d8ee0993ac2d3d/grpcio-1.84.0-cp312-cp312-macosx_11_0_universal2.whl", hash = "sha256:406583b4e8fb2282ebd392e12b963e601c1f82e07125a8c2cb5b144e7e024796", size = 12339195, upload-time = "2026-09-14T06:57:42.373Z" },
    { url = "https://files.pythonhosted.org/packages/db/d1/a7b7cda98fcab9b3d2916204a872d87371158a7a34e41768f524584fb64d/grpcio-1.84.0-cp312-cp312-manylinux2014_aarch64.manylinux_2_17_aarch64.whl", hash = "sha256:fbdbcd06986ede3ce584083b1dc2afe6808e8943e5cf50ad11183c03aceda25a", size = 6984468, upload-time = "2026-09-14T06:57:45.035Z" },
    { url = "https://files.pythonhosted.org/packages/19/81/c5be83e3ac9416f73c4c51fe1ea9c41a0c42fc3509e3505faa46f5046abe/grpcio-1.84.0-cp312-cp312-manylinux2014_i686.manylinux_2_17_i686.whl", hash = "sha256:23e6e8e8a75cff88e0a793bfd3becea03a13e2763ae90c1ff573bc19ca5b429a", size = 7749432, upload-time = "2026-09-14T06:57:47.395Z" },
    { url = "https://files.pythonhosted.org/packages/a0/bf/258cd7c0a7ed92745dc93c31666d462d05b702807a689744bd49fb833bde/grpcio-1.84.0-cp312-cp312-manylinux2014_x86_64.manylinux_2_17_x86_64.whl", hash = "sha256:b44f0a0fc7bc6677d38cc80bca1a32814ce6c8f200fb8b3c1a61c9d77eaefbf3", size = 7156115, upload-time = "2026-09-14T06:57:49.657Z" },
    { url = "https://files.pythonhosted.org/packages/2b/4b/7f829418dbfcf91b875e55e2973f1059a95decb4f081313416317ef04ec1/grpcio-1.84.0-cp312-cp312-musllinux_1_2_aarch64.whl", hash = "sha256:210e4c32f907045eb8158273e60c6ab69a3947697df6245dbda381f26c59485b", size = 7708010, upload-time = "2026-09-14T06:57:52.496Z" },
    { url = "https://files.pythonhosted.org/packages/34/f0/9932e2fec6a04205f8bf3f8f4d2020479dcdac88feb6f93822ed31bf0eba/grpcio-1.84.0-cp312-cp312-musllinux_1_2_i686.whl", hash = "sha256:a71d24f40b0cc6798feaa978c7411dc1135b7018e9fc0442db611c139bf58344", size = 8759980, upload-time = "2026-09-14T06:57:55.312Z" },
    { url = "https://files.pythonhosted.org/packages/2c/5c/b67407c6dbc480dfc0715f6eccdb1061e7c88d85f9a330a241d357a538c5/grpcio-1.84.0-cp312-cp312-musllinux_1_2_x86_64.whl", hash = "sha256:f6c972474ce691aca74e58d17625450cef153dc4760364cadeb167983ea6d589", size = 8124904, upload-time = "2026-09-14T06:57:58.569Z" },
    { url = "https://files.pythonhosted.org/packages/02/37/2bfdae2df8dfcfc0df619b628e0c7153ce703adae827243f44720322ccc1/grpcio-1.84.0-cp312-cp312-win32.whl", hash = "sha256:0d532ade4486dad9b302ffa4d4683d67561051c26d17c4023322845e9fa10140", size = 4478915, upload-time = "2026-09-14T06:58:00.714Z" },
    { url = "https://files.pythonhosted.org/packages/85/2c/309268b7b39f6deb2342f634841e105623a0b67982e8b10ec516782ff1c6/grpcio-1.84.0-cp312-cp312-win_amd64.whl", hash = "sha256:49717e857899f4136d7657bf5aded61ac479110a075438290923a4d86af7cd02", size = 5253534, upload-time = "2026-09-14T06:58:03.336Z" },
    { url = "https://files.pythonhosted.org/packages/5d/51/40f99701adb01d4e5316a2aaf13838da1a24d5c879cd8c95156d7c364454/grpcio-1.84.0-cp313-cp313-linux_armv7l.whl", hash = "sha256:209414080da8c20af94df1395b635da52dd57b5edc9e917e1deca0dc1c4bb55e", size = 6427619, upload-time = "2026-09-14T06:58:06.025Z" },
    { url = "https://files.pythonhosted.org/packages/c5/4b/ed8e22a1237e6b2be6ef4f221d074a5b0e0dd8a0da8c944c04aea731f0eb/grpcio-1.84.0-cp313-cp313-macosx_11_0_universal2.whl", hash = "sha256:e41c3993eee896c617dbd8a505085d28b6e84a0445ed9a1f40f95808473cf678", size = 12336549, upload-time = "2026-09-14T06:58:08.583Z" },
    { url = "https://files.pythonhosted.org/packages/d3/50/00165b05cd73f45996748ea67ce9e55d08936f2fea94a7fd8541cc2d0e54/grpcio-1.84.0-cp313-cp313-manylinux2014_aarch64.manylinux_2_17_aarch64.whl", hash = "sha256:fff5ef3fe1bba7d6147e5f19e01e5e122ac2c076486887ddcb8d42e663400fbe", size = 6989458, upload-time = "2026-09-14T06:58:11.884Z" },
    { url = "https://files.pythonhosted.org/packages/26/38/d0486230e684d916f97429a53041db88410e662a38f2a8d09e2d90375840/grpcio-1.84.0-cp313-cp313-manylinux2014_i686.manylinux_2_17_i686.whl", hash = "sha256:b8c62888c3e49debf37ad9773e3c02f77b0c1e811f8fb0962f2b6c3bbab5b97a", size = 7757778, upload-time = "2026-09-14T06:58:14.849Z" },
    { url = "https://files.pythonhosted.org/packages/da/56/548a643decb059ca244499c675ae2c13a15f523ba94592c2774bd80a13c1/grpcio-1.84.0-cp313-cp313-manylinux2014_x86_64.manylinux_2_17_x86_64.whl", hash = "sha256:986e9751d416d7a6eaa2fecdac38da63153d63a4b340ba7d624889c490451500", size = 7159572, upload-time = "2026-09-14T06:58:17.87Z" },
    { url = "https://files.pythonhosted.org/packages/db/f5/42caac81a79ec680f1f7a8eaf7ca90d2f93936ce0c3a073141ba96757f77/grpcio-1.84.0-cp313-cp313-musllinux_1_2_aarch64.whl", hash = "sha256:5933a052946873d01a42119a05420d669bdca436aeba2d1851988ccb12b421c0", size = 7710547, upload-time = "2026-09-14T06:58:20.607Z" },
    { url = "https://files.pythonhosted.org/packages/57/a4/828ad990b2410fee0a55cc73aa1bf98eb5b911c54847374ef4f24b9e877b/grpcio-1.84.0-cp313-cp313-musllinux_1_2_i686.whl", hash = "sha256:e094dd21f077af8194923fc263cad872eaa1802bb0156fd7e5ae18e99cd86715", size = 8761519, upload-time = "2026-09-14T06:58:23.875Z" },
    { url = "https://files.pythonhosted.org/packages/d5/a5/1f91af098919eaf5d80d5a61126ad9fae074e5190c25a3014ce1d8d0d890/grpcio-1.84.0-cp313-cp313-musllinux_1_2_x86_64.whl", hash = "sha256:08735e3d08d24ab3132cf87e2e5dea8746cabcc7d676c2b0b7362f195feef9d9", size = 8121424, upload-time = "2026-09-14T06:58:27.006Z" },
    { url = "https://files.pythonhosted.org/packages/8c/8f/77fd4a7a913b636785479922349c4cb98d94d05d15652e556b3ca0df6663/grpcio-1.84.0-cp313-cp313-win32.whl", hash = "sha256:70bb4ce8be0c5606bec259cbd7152374470396413b7863a658a08c849e6b29ff", size = 4477974, upload-time = "2026-09-14T06:58:29.528Z" },
    { url = "https://files.pythonhosted.org/packages/d0/9a/1fa59ddbfc8898e5518d1447e46f771f387f0ed6132ad531395338e51a5c/grpcio-1.84.0-cp313-cp313-win_amd64.whl", hash = "sha256:b61692f0069b3eee2fc8a3a1b7f6c044df9e03fede6ce69b3ca832e1c39f26c5", size = 5255326, upload-time = "2026-09-14T06:58:31.781Z" },
    { url = "https://files.pythonhosted.org/packages/26/6f/e25ca89ca5b0b7b95464c907a5c21a77c0ac8c4ee1dca164c4dd8f153ddb/grpcio-1.84.0-cp314-cp314-linux_armv7l.whl", hash = "sha256:026d757df86c5b7a41de8200b9a2cda454aaa5004cb0c7e3374c66eb82f61499", size = 6428207, upload-time = "2026-09-14T06:58:34.401Z" },
    { url = "https://files.pythonhosted.org/packages/cd/b4/6b76b429f3f9b901cdbc306c81364d708bc957f847a05cbd1046cd2d05d8/grpcio-1.84.0-cp314-cp314-macosx_11_0_universal2.whl", hash = "sha256:3de427b05f244ba2c2a9bdc67e7a6731c8340811524ecc4435466549f8af1d17", size = 12342420, upload-time = "2026-09-14T06:58:37.416Z" },
    { url = "https://files.pythonhosted.org/packages/af/64/ac86d638ba7f73bee0dccb608ba551d4f63adf75151f00d2c43e46d3979e/grpcio-1.84.0-cp314-cp314-manylinux2014_aarch64.manylinux_2_17_aarch64.whl", hash = "sha256:e90e3bdf7b5eac005fef631adae9cafde16f922def207b80a7c46b253c18ad20", size = 6998396, upload-time = "2026-09-14T06:58:40.535Z" },
    { url = "https://files.pythonhosted.org/packages/4a/65/fa12e9ec9d7ebf8cc3e81428fa9e1ca0d30d22d546ce2baa4c64bc917cbc/grpcio-1.84.0-cp314-cp314-manylinux2014_i686.manylinux_2_17_i686.whl", hash = "sha256:e88d304f094f4937bc27ec6a435e218a084168f11ec630c8d5d39b431d08d81d", size = 7757538, upload-time = "2026-09-14T06:58:43.297Z" },
    { url = "https://files.pythonhosted.org/packages/21/d7/94240c7fae121ff1f116dcf04a3b7ee0216a06832c704310363f72638d4c/grpcio-1.84.0-cp314-cp314-manylinux2014_x86_64.manylinux_2_17_x86_64.whl", hash = "sha256:57dc36a5ab0e676f5f6e171de2917fd0aef73f32a9aaf23956bfe19997a30bd1", size = 7161480, upload-time = "2026-09-14T06:58:45.939Z" },
    { url = "https://files.pythonhosted.org/packages/23/c9/7033e95d4b344969818b09185721c7608b47fc2498d97b5e4eec4995dbf3/grpcio-1.84.0-cp314-cp314-musllinux_1_2_aarch64.whl", hash = "sha256:5deda5b4bf62769eb98c119cca43d40e1231e34846b19db5cdea821d446a2253", size = 7720191, upload-time = "2026-09-14T06:58:48.308Z" },
    { url = "https://files.pythonhosted.org/packages/95/22/b45df2deba81d55069076859480bae7109c9eec02bce5515c799530cc2aa/grpcio-1.84.0-cp314-cp314-musllinux_1_2_i686.whl", hash = "sha256:9bab4cf571653a8afffb83ce21aa27b51dfe629b526b7b6adec35491fe1fc2ea", size = 8762792, upload-time = "2026-09-14T06:58:51.068Z" },
    { url = "https://files.pythonhosted.org/packages/de/c4/3e1c3d6155c16b8737cc31d5b477d6cf1fc7cdd10d58320cf0ec9b446f42/grpcio-1.84.0-cp314-cp314-musllinux_1_2_x86_64.whl", hash = "sha256:c5559b492007dc09b4de9b95dab05f0b5e53547aad230cf07e46c7dd017a3be5", size = 8123299, upload-time = "2026-09-14T06:58:54.332Z" },
    { url = "https://files.pythonhosted.org/packages/56/fe/f4864de5b815e5ba18858771f99381a398fac14117f89ef5291ed43d3c4e/grpcio-1.84.0-cp314-cp314-win32.whl", hash = "sha256:2c024da73b296f040b8360e60bd73a659b230093684a438da0e1260f34cc724e", size = 4562560, upload-time = "2026-09-14T06:58:56.894Z" },
    { url = "https://files.pythonhosted.org/packages/44/03/640811d4d8c84f5e603995c5a9bab725223aa472cad9ca4286c3bbf1c3e3/grpcio-1.84.0-cp314-cp314-win_amd64.whl", hash = "sha256:800b7e00d92553313c0463c200087930aa78678ec1d528193aeb50906f55989b", size = 5394092, upload-time = "2026-09-14T06:58:59.61Z" },
    { url = "https://files.pythonhosted.org/packages/4a/1a/9e3d2c9f005f680f03308fa894b1db91d4ab3f0fe65ff630c69561e91e95/grpcio-1.84.0-cp315-cp315-linux_armv7l.whl", hash = "sha256:47ecf0d9b81d981f07b61bd89eced9d2582f5eaacc3aaa36ad27f81aef70a27f", size = 6428252, upload-time = "2026-09-14T06:59:02.597Z" },
    { url = "https://files.pythonhosted.org/packages/77/34/0bc9f52ebf091311651eeab3a452fb557985604a3088cb5406f4d6df85d3/grpcio-1.84.0-cp315-cp315-macosx_10_15_universal2.whl", hash = "sha256:61386101ecaa096b694d0dd278caf99a56aeec78440cc17e918eef0b50f2d567", size = 12359488, upload-time = "2026-09-14T06:59:05.646Z" },
    { url = "https://files.pythonhosted.org/packages/93/0e/c31052712f241cb6ecae9c226fabd519b7f8c64a7a40bac27e9ca0405b78/grpcio-1.84.0-cp315-cp315-manylinux2014_aarch64.manylinux_2_17_aarch64.whl", hash = "sha256:f6d178ba6dc8e82976c184b65fddde172d054c17237993a3e083efe4f134d55b", size = 7019339, upload-time = "2026-09-14T06:59:08.76Z" },
    { url = "https://files.pythonhosted.org/packages/55/b9/b9b33ea4f1eb4cad28833cade604febf357385b5ebb0c9c7562d020e167a/grpcio-1.84.0-cp315-cp315-manylinux2014_i686.manylinux_2_17_i686.whl", hash = "sha256:15bb76489e337fc492685c9758e2fd4d4ab516b901ad830dc5a91987decf00be", size = 7107974, upload-time = "2026-09-14T06:59:11.568Z" },
    { url = "https://files.pythonhosted.org/packages/0e/9e/799d4c45db91bbdcd8c54b3982932dbcf3d059f7ce67dca3e8540faa1ece/grpcio-1.84.0-cp315-cp315-manylinux2014_x86_64.manylinux_2_17_x86_64.whl", hash = "sha256:82da34ae4f639c73ac46e521e00c0a49bf86f717b9fb1f405f133e98731e38dc", size = 7200036, upload-time = "2026-09-14T06:59:14.401Z" },
    { url = "https://files.pythonhosted.org/packages/45/dc/dcfdd13ada41aff9098f0c2c6f260eb7debbc88b84b7e5fcbd085165427d/grpcio-1.84.0-cp315-cp315-musllinux_1_2_aarch64.whl", hash = "sha256:9b73836ba0e16fcbb57c31cf6cbc2907c8d8c790b83679df454b74bd15e0be04", size = 7742281, upload-time = "2026-09-14T06:59:17.348Z" },
    { url = "https://files.pythonhosted.org/packages/55/31/75eab2ec77b80804bc5e21cec99b57598e726fca6484cd3e8920a97639d5/grpcio-1.84.0-cp315-cp315-musllinux_1_2_i686.whl", hash = "sha256:42959bd50dd660ffc3f2a9bec15a6da4f9aaa0dda555d59ff2d2e80b908456a8", size = 8113629, upload-time = "2026-09-14T06:59:20.584Z" },
    { url = "https://files.pythonhosted.org/packages/34/f0/fdcf6bdc1df9ca11679a1187bef8e6b81df31a2baae69497e17344f05ea3/grpcio-1.84.0-cp315-cp315-musllinux_1_2_x86_64.whl", hash = "sha256:659728f20fc7a0933ed7b1945435e31014b97ab8a5a7edcbaa70da4794aeb191", size = 8152972, upload-time = "2026-09-14T06:59:24.523Z" },
    { url = "https://files.pythonhosted.org/packages/5c/cf/6720e720bfa80fcb1ace873f66724eb3c8b03bba2fa078a30c12cab3212e/grpcio-1.84.0-cp315-cp315-win32.whl", hash = "sha256:edb6f87fc60ff438557291501b3e16c7a77c3b01a52d782cf276dccc7c5dd89c", size = 4561981, upload-time = "2026-09-14T06:59:27.275Z" },
    { url = "https://files.pythonhosted.org/packages/7f/b9/69d8a709df225bc2e06e028e9465166b174c24b3da07cc72d9a5ddc63194/grpcio-1.84.0-cp315-cp315-win_amd64.whl", hash = "sha256:4119efa6519871719ad81f33bc95ab87857dcb1c5801f30a6e592f2c41164169", size = 5394757, upload-time = "2026-09-14T06:59:30.118Z" },
]

[[package]]
name = "grpcio-health-checking"
version = "1.84.0"
source = { registry = "https://pypi.org/simple" }
dependencies = [
    { name = "grpcio" },
    { name = "protobuf" },
]
sdist = { url = "https://files.pythonhosted.org/packages/4e/92/a8c62e9ab04957fe06e272244ed3d7a6780aacd3b72d9d723309ffbe5e9a/grpcio_health_checking-1.84.0.tar.gz", hash = "sha256:c69ea3775a5f90cd094f294859dfd0150a560f7101a8936bf7b4e08b7186a14e", size = 17089, upload-time = "2026-09-14T07:10:24.092Z" }
wheels = [
    { url = "https://files.pythonhosted.org/packages/1a/7c/4eb98f1e644b95704ac97693995a8158bd43c3c4030b63c9e980dab7bacb/grpcio_health_checking-1.84.0-py3-none-any.whl", hash = "sha256:3eab9b688e5e09bd1d584c296d3440358f11817388db87b807edd61f45b464d1", size = 19088, upload-time = "2026-09-14T07:09:00.21Z" },
]

[[package]]
name = "grpcio-reflection"
version = "1.84.0"
source = { registry = "https://pypi.org/simple" }
dependencies = [
    { name = "grpcio" },
    { name = "protobuf" },
]
sdist = { url = "https://files.pythonhosted.org/packages/6e/8a/94af17ae0738cc4508af96d5f107f352e2b54473eecf32f0ed9bcdd895da/grpcio_reflection-1.84.0.tar.gz", hash = "sha256:06bf3d7d8cef9afbcc721ee52191652b4483831774255e174404b0e0551741bc", size = 19321, upload-time = "2026-09-14T07:10:28.58Z" }
wheels = [
    { url = "https://files.pythonhosted.org/packages/47/8b/f07f5aa8ee2b2bd060c0100a581ab68a9b501a927fcf97b1855e40b7bd7c/grpcio_reflection-1.84.0-py3-none-any.whl", hash = "sha256:148b382a1a5621496ede90b12b97c868bb94f7bb8e23b18fc03ed32edd5447cb", size = 22986, upload-time = "2026-09-14T07:10:14.038Z" },
]

[[package]]
name = "grpcio-tools"
version = "1.84.0"
source = { registry = "https://pypi.org/simple" }
dependencies = [
    { name = "grpcio" },
    { name = "protobuf" },
    { name = "setuptools" },
]
sdist = { url = "https://files.pythonhosted.org/packages/cd/db/a5dba38d7ff7711d1ad05f2b43751bd0e9f234fae7c89df1846a9de034f9/grpcio_tools-1.84.0.tar.gz", hash = "sha256:210ac5ac9803569490ec33574b7e995bc087815b00d9b777e0134cab5ed9a379", size = 6401750, upload-time = "2026-09-14T07:03:45.725Z" }
wheels = [
    { url = "https://files.pythonhosted.org/packages/55/f9/ad0fc599f687227569fb0f37695ad0b66b6c515ca4b938df863f1efb1109/grpcio_tools-1.84.0-cp312-cp312-linux_armv7l.whl", hash = "sha256:bcc3b6f41e02d77e519e6e4f114f7ab5a22815acd9b6a3c8965417df36938de3", size = 2653285, upload-time = "2026-09-14T07:01:55.305Z" },
    { url = "https://files.pythonhosted.org/packages/c0/14/cc6e137a4fea4cf35b115c22e99be391b446ac002cd8742e8d97ecff5fd4/grpcio_tools-1.84.0-cp312-cp312-macosx_11_0_universal2.whl", hash = "sha256:9315344bed77b08c155672ab2d77513e1e8a20fd2744ab0bb72647e22bc900ac", size = 5965932, upload-time = "2026-09-14T07:01:58.431Z" },
    { url = "https://files.pythonhosted.org/packages/85/7f/602dffdd92363c6b28959502eb97badcf28176c501e3f8a26d30d6893d31/grpcio_tools-1.84.0-cp312-cp312-manylinux2014_aarch64.manylinux_2_17_aarch64.whl", hash = "sha256:a83ccb3f47f841d92f04fd35ed1f8b094e2a92c33ae41f26732e970e0361ff14", size = 2705432, upload-time = "2026-09-14T07:02:00.882Z" },
    { url = "https://files.pythonhosted.org/packages/55/1d/7a7bfd74fcf34d96995a05f03f9c01305f64982c6e53296363fe2d8f9911/grpcio_tools-1.84.0-cp312-cp312-manylinux2014_i686.manylinux_2_17_i686.whl", hash = "sha256:9b0f4aa6fd1a72e2048742016da37cfa773394ee2b96daef6e6ef38a02eabea6", size = 3033412, upload-time = "2026-09-14T07:02:03.246Z" },
    { url = "https://files.pythonhosted.org/packages/74/18/d9fa4b43c4974094a9e720e97fc90fcba1908f8c806b36eefabf6c148d88/grpcio_tools-1.84.0-cp312-cp312-manylinux2014_x86_64.manylinux_2_17_x86_64.whl", hash = "sha256:fc1708de3ba6cc46eff02de1aea865442418167794ca963a2cf6ea2013930146", size = 2774501, upload-time = "2026-09-14T07:02:05.329Z" },
    { url = "https://files.pythonhosted.org/packages/2b/23/0458fb717829008b4c2160e37b2e4d6d7c31ad8c8b2ee411819f682a929e/grpcio_tools-1.84.0-cp312-cp312-musllinux_1_2_aarch64.whl", hash = "sha256:45e38ee36a131ad1123b2741e045656419551efe52837a4702e09daee339fbcf", size = 3229874, upload-time = "2026-09-14T07:02:08.973Z" },
    { url = "https://files.pythonhosted.org/packages/af/5a/e955b667d7fb2a8746f62342a108008798a333d3824b3d28b0c5d8034613/grpcio_tools-1.84.0-cp312-cp312-musllinux_1_2_i686.whl", hash = "sha256:a87275c13a9e6027d164494483027b9b08a8b9f6176108cb27d4bc13c8cbc720", size = 3803163, upload-time = "2026-09-14T07:02:12.006Z" },
    { url = "https://files.pythonhosted.org/packages/08/fe/be66ea5d0962793156cc6e29da40e80a4f6ec12371564e6ba7237f8427e6/grpcio_tools-1.84.0-cp312-cp312-musllinux_1_2_x86_64.whl", hash = "sha256:602453d5a04f74ead2077064249fc462bd4a93a1d23cb9f2c89cd254ac170ab7", size = 3461818, upload-time = "2026-09-14T07:02:14.099Z" },
    { url = "https://files.pythonhosted.org/packages/6e/32/9ecf7738075039348096a4cd739f0e994bbd28ef288f5bde68891739f22c/grpcio_tools-1.84.0-cp312-cp312-win32.whl", hash = "sha256:13a7e252569e3d2b3496fad5439a5f02f9f8d3454e66c5177fb3127342635c57", size = 1022489, upload-time = "2026-09-14T07:02:18.338Z" },
    { url = "https://files.pythonhosted.org/packages/e7/2c/599ce7a1d0c9c232bde27d327d605d72f07437e0e665ca8153d499557367/grpcio_tools-1.84.0-cp312-cp312-win_amd64.whl", hash = "sha256:848338ebb0f1bccaf15c09d3905a2bda5907101ca2c88ed411c4ae707615f8ac", size = 1192285, upload-time = "2026-09-14T07:02:20.492Z" },
    { url = "https://files.pythonhosted.org/packages/c1/58/688e987d701d3673e6013adeb7c3d40f5886a79bc5fe3d2c462f13447cf3/grpcio_tools-1.84.0-cp313-cp313-linux_armv7l.whl", hash = "sha256:7a34eee4038b8a92c4d2bd56ff6a68b7debb0e80fdd9a1f2dc77895525da2bc3", size = 2652846, upload-time = "2026-09-14T07:02:23.065Z" },
    { url = "https://files.pythonhosted.org/packages/26/e9/fbc0a4d4234e7b7622bbeae07da6c4620a0baf2a9764f1d0728a12f0d2fd/grpcio_tools-1.84.0-cp313-cp313-macosx_11_0_universal2.whl", hash = "sha256:131cc59f5612cc6d2b7f83adea3177eb85a0b52196007c555e7d80bb1d0b2b97", size = 5963562, upload-time = "2026-09-14T07:02:25.956Z" },
    { url = "https://files.pythonhosted.org/packages/66/55/41dc86dd98fb5a8b620e47d2343030243bf80411d8da372ee1554c75b667/grpcio_tools-1.84.0-cp313-cp313-manylinux2014_aarch64.manylinux_2_17_aarch64.whl", hash = "sha256:b8c6d43a94a22a4a4630b112366fb01bebd4e3e2ac7519ee171268c8804f4e05", size = 2705097, upload-time = "2026-09-14T07:02:28.344Z" },
    { url = "https://files.pythonhosted.org/packages/58/45/7a7c5e80a122990d61b0ff6603d3aaf1952de1faf4b2d2e7a6445d5bd894/grpcio_tools-1.84.0-cp313-cp313-manylinux2014_i686.manylinux_2_17_i686.whl", hash = "sha256:0130a41b311c5352fa7ab1e21da63b59db0af6559205d41c384099fc4c59f0be", size = 3033063, upload-time = "2026-09-14T07:02:30.636Z" },
    { url = "https://files.pythonhosted.org/packages/fd/a8/169ee6a6eb3225892c6be243452161b016f3bbd93fc555857dbb70d5939c/grpcio_tools-1.84.0-cp313-cp313-manylinux2014_x86_64.manylinux_2_17_x86_64.whl", hash = "sha256:fad2e65eed6e98ca01046bd8a47e446c7f760af89f2a958a497d61da203f9fd8", size = 2773655, upload-time = "2026-09-14T07:02:33.092Z" },
    { url = "https://files.pythonhosted.org/packages/ef/c1/41f67a4ce7c221810d515f7c384e2efbe3b547209b6686c018e9a4e54375/grpcio_tools-1.84.0-cp313-cp313-musllinux_1_2_aarch64.whl", hash = "sha256:770f7c400339350e47abca5a874e5ddce9dfb313e9994af79af52482862bcb38", size = 3229788, upload-time = "2026-09-14T07:02:35.493Z" },
    { url = "https://files.pythonhosted.org/packages/bf/64/dcdfb115bfc0fa1c2659fa48c8b743cdb45d74c93d5e1a490665152ce068/grpcio_tools-1.84.0-cp313-cp313-musllinux_1_2_i686.whl", hash = "sha256:ee0609bc149bfe0b0e974ad2c3b30facc8fde16cb6c142ebaf9b5c3ffb428f97", size = 3802534, upload-time = "2026-09-14T07:02:38.172Z" },
    { url = "https://files.pythonhosted.org/packages/cd/47/2f36195b5c59cab8b8388c0e9d1383dfbc48a816db033789bd96692ab3d5/grpcio_tools-1.84.0-cp313-cp313-musllinux_1_2_x86_64.whl", hash = "sha256:6cf4be6baf5f932950ec24c8ccd9284b6fa46e5b275aeb4789d7fe50a8452611", size = 3461034, upload-time = "2026-09-14T07:02:40.764Z" },
    { url = "https://files.pythonhosted.org/packages/07/99/2956e79ccf82f225fe4e03835ff72bd673a95cd0e1541259b3964ffc2214/grpcio_tools-1.84.0-cp313-cp313-win32.whl", hash = "sha256:bd034763ecf817c3e97a9aeb1e5c5006389c06644973595af5f3a32a1e738c37", size = 1022115, upload-time = "2026-09-14T07:02:43.1Z" },
    { url = "https://files.pythonhosted.org/packages/71/01/89a1d1f00801f892142ed31f28a2f325ce682b02bc294abf2ea8e951d205/grpcio_tools-1.84.0-cp313-cp313-win_amd64.whl", hash = "sha256:2d1e701bd77282618e76898b7dfe05094201c679ccb0b321fff2985d0fdb2e3f", size = 1191934, upload-time = "2026-09-14T07:02:45.829Z" },
    { url = "https://files.pythonhosted.org/packages/9d/e4/a6b28ea267d0eb19d36543561bd38deb33cafa663c1b9aa78f83a3cb044f/grpcio_tools-1.84.0-cp314-cp314-linux_armv7l.whl", hash = "sha256:b648d986c5465ea6b2df5457401bf5f27619394c889e688d6e67a453beb0db1e", size = 2652843, upload-time = "2026-09-14T07:02:48.292Z" },
    { url = "https://files.pythonhosted.org/packages/8f/64/3aa9f40934937acc73d18e241735ecf98e91e8522fb50308aa625238ee54/grpcio_tools-1.84.0-cp314-cp314-macosx_11_0_universal2.whl", hash = "sha256:ce0d963308f1954c8265828b8aa0d37cdfebb068727fa34c700e992a64a0bdc6", size = 5963459, upload-time = "2026-09-14T07:02:50.822Z" },
    { url = "https://files.pythonhosted.org/packages/87/6b/008c3e31e7681cacdc61ec0428f569f8ea959d48ed355c80ad9c748c743e/grpcio_tools-1.84.0-cp314-cp314-manylinux2014_aarch64.manylinux_2_17_aarch64.whl", hash = "sha256:a425e85bd95eb107f8a51baf717e265c4c37e1d0a31d57d7da6c7a1e302ffa5e", size = 2705302, upload-time = "2026-09-14T07:02:53.058Z" },
    { url = "https://files.pythonhosted.org/packages/16/11/d8e17542a79c5a2645353e7cfe53b36a96bc3bf61d6502514eff997eac8c/grpcio_tools-1.84.0-cp314-cp314-manylinux2014_i686.manylinux_2_17_i686.whl", hash = "sha256:259d3064dfced0b5439e26379f02a14cc696107fc488cb61bd0ebad09c76fa44", size = 3033047, upload-time = "2026-09-14T07:02:55.785Z" },
    { url = "https://files.pythonhosted.org/packages/50/91/1bc18ec13f07fb77e1327cbbaeabbeb5dcf1cfe17fe8def9f4cd86fec4b4/grpcio_tools-1.84.0-cp314-cp314-manylinux2014_x86_64.manylinux_2_17_x86_64.whl", hash = "sha256:38b2819f6a04cb98158815f7d12cc14fd62659ce65c30b5c8c9f0efcf898cb6e", size = 2773834, upload-time = "2026-09-14T07:02:58.455Z" },
    { url = "https://files.pythonhosted.org/packages/fa/74/c6557d8928422a18d3a3e8522b67914d861026759243df28740cb1c515ce/grpcio_tools-1.84.0-cp314-cp314-musllinux_1_2_aarch64.whl", hash = "sha256:e4afaf1820c5a0c105538acf956cd2187b46b5438eb34f9b8e6257b674e97a67", size = 3229790, upload-time = "2026-09-14T07:03:01.779Z" },
    { url = "https://files.pythonhosted.org/packages/6a/63/02ba2c2866b6a18bd4d256aeccecfbc22908356cae9a659ba3e06fd0ee0e/grpcio_tools-1.84.0-cp314-cp314-musllinux_1_2_i686.whl", hash = "sha256:1c76a4cee1dd0e4dfcd31e1024a69303296efdd1757173248d8c59bb64a1372b", size = 3802611, upload-time = "2026-09-14T07:03:04.581Z" },
    { url = "https://files.pythonhosted.org/packages/80/95/350e3329b12e8fe775dda19c3f5c6e260af0f9bbb1165d11b7fb10a2d89f/grpcio_tools-1.84.0-cp314-cp314-musllinux_1_2_x86_64.whl", hash = "sha256:c47c6f708e2bf94503e31c578c904890225fd894a3f25f907fd3832f22b1c793", size = 3461325, upload-time = "2026-09-14T07:03:08.521Z" },
    { url = "https://files.pythonhosted.org/packages/fe/22/8463063fed0ead6c901f547d1cc7bd052391ef8eff4d1aa2e0f58f4a383c/grpcio_tools-1.84.0-cp314-cp314-win32.whl", hash = "sha256:daa0e3dff4feedbdfebc9192f2d714d5e37621b2466ba07070d002d1081a6e6f", size = 1045048, upload-time = "2026-09-14T07:03:10.723Z" },
    { url = "https://files.pythonhosted.org/packages/8c/41/4f7dd965ef2d72bc55ef208d0eadd73509aa7d4957a6eea5059a256ea01d/grpcio_tools-1.84.0-cp314-cp314-win_amd64.whl", hash = "sha256:a64a86d7e32d6ff57e0d4c6d01bac1ccd5718d01c5a5042b14ad63a00bd365f7", size = 1224203, upload-time = "2026-09-14T07:03:13.512Z" },
    { url = "https://files.pythonhosted.org/packages/d0/d0/6cb3f84a4994a60929c2da21f5129cb04b675e814b3b03e4bbfc45512a2e/grpcio_tools-1.84.0-cp315-cp315-linux_armv7l.whl", hash = "sha256:ed27e0c12e687a4b15f6352e98eb794a296bdcc75fc26fbd5e2d1d6844c0bb5a", size = 2652855, upload-time = "2026-09-14T07:03:17.043Z" },
    { url = "https://files.pythonhosted.org/packages/79/bf/0525cdfd7eb41feed328c3e839da12d56be9a23d87c74e15e1b16c3b2b5a/grpcio_tools-1.84.0-cp315-cp315-macosx_10_15_universal2.whl", hash = "sha256:a30b3259bbcd7aa1377e8cf5e39b30962f88ead94bd1a25c30ab8819c1163a0d", size = 5971465, upload-time = "2026-09-14T07:03:20.057Z" },
    { url = "https://files.pythonhosted.org/packages/55/e3/ef3de0d88b69a022198ce1d8ff27df970f9bbf5f0f3d65576879054718e0/grpcio_tools-1.84.0-cp315-cp315-manylinux2014_aarch64.manylinux_2_17_aarch64.whl", hash = "sha256:b268a8cc6a0ffde0388371fee57942585060e89a3904eec1a2c00765707a26b3", size = 2707417, upload-time = "2026-09-14T07:03:22.826Z" },
    { url = "https://files.pythonhosted.org/packages/0a/c4/f9c204a32145191bbcb39d487e2abcb9ed96c95e7d9e56267a1b5d378a61/grpcio_tools-1.84.0-cp315-cp315-manylinux2014_i686.manylinux_2_17_i686.whl", hash = "sha256:feab5e59a8cbba38190196a29b878bedf3ea8e1baf94fe26fb21ca9a5b06e17c", size = 2904340, upload-time = "2026-09-14T07:03:25.8Z" },
    { url = "https://files.pythonhosted.org/packages/b7/54/a6d0aa5fc695e98c40442d9da819e2c178e3ee170182ff34922da512294b/grpcio_tools-1.84.0-cp315-cp315-manylinux2014_x86_64.manylinux_2_17_x86_64.whl", hash = "sha256:be960444736ff4363aad257847e0b6de8798a818b7760253b043f1c2141b522b", size = 2756591, upload-time = "2026-09-14T07:03:28.57Z" },
    { url = "https://files.pythonhosted.org/packages/ca/40/343a5fb15e9b702df619f34302829ae3f02306c6e22ce98a2634e5ee51d7/grpcio_tools-1.84.0-cp315-cp315-musllinux_1_2_aarch64.whl", hash = "sha256:5c772fff61c94a526869fbbdc1cf5d40047170c0d591609685170130de031e63", size = 3231636, upload-time = "2026-09-14T07:03:31.285Z" },
    { url = "https://files.pythonhosted.org/packages/e1/1f/32445fe2f52f3e3fa1c83131f1c051d025baa1218e38fa51d7d3dab70248/grpcio_tools-1.84.0-cp315-cp315-musllinux_1_2_i686.whl", hash = "sha256:769ae9073f09b2dd322b4de5e5fffa7c2f38340cf779a21486c45946ab2b2991", size = 3684445, upload-time = "2026-09-14T07:03:34.124Z" },
    { url = "https://files.pythonhosted.org/packages/1f/49/10314e948033f1f2c5a4d68edcade8795c5fab7cb4a132ae78d3cc98e300/grpcio_tools-1.84.0-cp315-cp315-musllinux_1_2_x86_64.whl", hash = "sha256:cee293333fc9efaa1e75d8baf0150d79007874c7bb364cffebf35346836038e8", size = 3435303, upload-time = "2026-09-14T07:03:37.42Z" },
    { url = "https://files.pythonhosted.org/packages/3a/69/69e92ff54e590236eff01ca72e9722ff31baac828c4bffcfac1f9a5e850d/grpcio_tools-1.84.0-cp315-cp315-win32.whl", hash = "sha256:65a2ae3836ffb7b035e341a6dcc81e3d8b090b0df173851715f44cdd89723b1e", size = 1045039, upload-time = "2026-09-14T07:03:39.731Z" },
    { url = "https://files.pythonhosted.org/packages/b4/8e/12b84ac60171f8401d31bf64e9cdf3e041653e3e5c79ce50cac7b2b8fa5d/grpcio_tools-1.84.0-cp315-cp315-win_amd64.whl", hash = "sha256:f28ffc8f0d2831a81239cee6b038ee3254bd7ac884fe69cc99b4ee83ff1fc1a5", size = 1224255, upload-time = "2026-09-14T07:03:42.561Z" },
]

[[package]]
name = "protobuf"
version = "7.36.1"
source = { registry = "https://pypi.org/simple" }
sdist = { url = "https://files.pythonhosted.org/packages/86/73/f66c748df06e7fe24e658eddd600d19c4b40bad836c97ce2d0ad9851fb6b/protobuf-7.36.1.tar.gz", hash = "sha256:d0f6470f0ce2b84e3feaea2d4b816378b37ba4d4aa08a274305373de93e2d524", size = 512499, upload-time = "2026-08-31T22:40:04.667Z" }
wheels = [
    { url = "https://files.pythonhosted.org/packages/f7/6c/3a54a58f2948b0f485df9ecdd06590f15d0a7abf46a89d50c3de709ff4ff/protobuf-7.36.1-cp310-abi3-macosx_10_9_universal2.whl", hash = "sha256:3cf2ee25d006cee57294a1196ea43b37feb78e0dcd1e8af5c1aeddb777655aca", size = 456046, upload-time = "2026-08-31T22:39:56.865Z" },
    { url = "https://files.pythonhosted.org/packages/6e/08/9f9548793c771095245c0eeaf0c84b76b16a5ef26158043d456f551344a0/protobuf-7.36.1-cp310-abi3-manylinux2014_aarch64.whl", hash = "sha256:43d3d37b1eb24c113b9b7d02008cac44e423f00b611b7781ae998d7623972969", size = 344226, upload-time = "2026-08-31T22:39:58.263Z" },
    { url = "https://files.pythonhosted.org/packages/fe/51/1bdbd612fa3c51e42ea6f45d05e84dc748ddcd2663e1aa1e89a00a33facd/protobuf-7.36.1-cp310-abi3-manylinux2014_s390x.whl", hash = "sha256:39c518c05586c016d7874ff6079ee115bcec1ea5fbb1d177fbf7867ef4c67e44", size = 357229, upload-time = "2026-08-31T22:39:59.198Z" },
    { url = "https://files.pythonhosted.org/packages/22/df/c799fe7a05ef16ba853a59db01f3a2c5f7d0676469589ccc4874f76a2a88/protobuf-7.36.1-cp310-abi3-manylinux2014_x86_64.whl", hash = "sha256:97198b77e369a0abd8e262b8f6c7266c55ddb796a3a12c76d7b8881188ed83aa", size = 343228, upload-time = "2026-08-31T22:40:00.179Z" },
    { url = "https://files.pythonhosted.org/packages/3d/33/d4724ec5d86d496fe4108e220618aa0837ad3423a7af7ccdd9684ccc77c8/protobuf-7.36.1-cp310-abi3-win32.whl", hash = "sha256:0b53ce95272aad50ad25d7ff03373743209822e8ba42ea7fad27d2bee1547d00", size = 443002, upload-time = "2026-08-31T22:40:01.32Z" },
    { url = "https://files.pythonhosted.org/packages/db/37/155788a0d8daded960375af604202805308169f9b859419ea0aa370946e2/protobuf-7.36.1-cp310-abi3-win_amd64.whl", hash = "sha256:51139351435d9b43d88a55eaa49fb6f737fbb478fb0cbf2cf694d1a04a9d3363", size = 456518, upload-time = "2026-08-31T22:40:02.494Z" },
    { url = "https://files.pythonhosted.org/packages/39/ca/c47f91d3cab175b01fd8c4f0d80fdf8613be876cc616e66ad281a59c5ddf/protobuf-7.36.1-py3-none-any.whl", hash = "sha256:7d951e46b3f963d6c264c367c437921de9d5aedd9c3f9612b9077736b4e3ad5c", size = 179813, upload-time = "2026-08-31T22:40:03.54Z" },
]

[[package]]
name = "setuptools"
version = "84.0.0"
source = { registry = "https://pypi.org/simple" }
sdist = { url = "https://files.pythonhosted.org/packages/6d/44/f5da03a8ef95d369145c5bb53050e7877c9f3d312e128605fd9504829143/setuptools-84.0.0.tar.gz", hash = "sha256:f4695c21257f0d9b537ec2692c941d02ee143b7cc1276941349a546573b2ef73", size = 1168449, upload-time = "2026-08-08T18:27:58.365Z" }
wheels = [
    { url = "https://files.pythonhosted.org/packages/95/9c/c510029fc6ef33a6275cd2c5d3cecd6613dfd6aa401d57c54f1c18852ccf/setuptools-84.0.0-py3-none-any.whl", hash = "sha256:51a52592b3b99e102b609654876bd65f19f999935166d1352678931132b0c670", size = 818216, upload-time = "2026-08-08T18:27:56.719Z" },
]

[[package]]
name = "typing-extensions"
version = "4.16.0"
source = { registry = "https://pypi.org/simple" }
sdist = { url = "https://files.pythonhosted.org/packages/f6/cc/6253133b5bb138fc3306cebfbda2c520f545d36b5be2c7255cc528bb45d6/typing_extensions-4.16.0.tar.gz", hash = "sha256:dc983d19a509c94dba722ee6abd33940f7c05a89e243c47e907eb4db6f1a43e5", size = 113555, upload-time = "2026-07-02T08:40:05.92Z" }
wheels = [
    { url = "https://files.pythonhosted.org/packages/49/d3/b8441a820a491ddfc024b0b0cf0393375b75ea13866d9c66727e54c2fc80/typing_extensions-4.16.0-py3-none-any.whl", hash = "sha256:481caa481374e813c1b176ada14e97f1f67a4539ce9cfeb3f350d78d6370c2e8", size = 45571, upload-time = "2026-07-02T08:40:04.659Z" },
]

[[package]]
name = "yt-dlp"
version = "2026.8.19"
source = { registry = "https://pypi.org/simple" }
sdist = { url = "https://files.pythonhosted.org/packages/1e/e0/832fa4ca334b766a06933a196066edc3dba37cdb6f14cd98d59bcc69a4b4/yt_dlp-2026.8.19.tar.gz", hash = "sha256:9e213e48cea35c66b378e4447903f118f6392a5fa380a2b6d7070ec86f4e0af1", size = 3052025, upload-time = "2026-08-19T23:48:59.291Z" }
wheels = [
    { url = "https://files.pythonhosted.org/packages/69/b2/8cd1613f56eed7ceb64fbd4df3f1c01246bfb098e6f398228bafda22b80b/yt_dlp-2026.8.19-py3-none-any.whl", hash = "sha256:1d57897e94c6665a0a6f9bc54b34e584284e32c034ffab3a7df25d8f7b24eedf", size = 3185533, upload-time = "2026-08-19T23:48:56.925Z" },
]

[[package]]
name = "ytdownloader"
version = "0.1.0"
source = { virtual = "." }
dependencies = [
    { name = "grpcio-health-checking" },
    { name = "grpcio-reflection" },
    { name = "grpcio-tools" },
    { name = "protobuf" },
    { name = "yt-dlp" },
]

[package.metadata]
requires-dist = [
    { name = "grpcio-health-checking", specifier = ">=1.78.0" },
    { name = "grpcio-reflection", specifier = ">=1.78.0" },
    { name = "grpcio-tools", specifier = ">=1.78.0" },
    { name = "protobuf", specifier = ">=6.33.5" },
    { name = "yt-dlp", specifier = ">=2026.7.4" },
]
